<?xml version="1.0" encoding="utf-8"?>
<Project ToolsVersion="4.0" xmlns="http://schemas.microsoft.com/developer/msbuild/2003">
  <ItemGroup>
    <Filter Include="resource">
      <UniqueIdentifier>{715254bc-d70b-4ec5-bf29-467dd3ace079}</UniqueIdentifier>
    </Filter>
    <Filter Include="Class">
      <UniqueIdentifier>{c99b1fb1-6ade-4c47-a881-e97557aee664}</UniqueIdentifier>
    </Filter>
    <Filter Include="Class\Zombies">
      <UniqueIdentifier>{08994310-9b19-4e2e-ab8e-fd2511523c27}</UniqueIdentifier>
    </Filter>
    <Filter Include="Class\Scenes">
      <UniqueIdentifier>{ff93a335-7aee-40d4-b0fe-5ad2c5421ee3}</UniqueIdentifier>
    </Filter>
    <Filter Include="Class\Scenes\SelectPlantsScene">
      <UniqueIdentifier>{3262196a-0c86-4807-a2fd-edcb4833f0aa}</UniqueIdentifier>
    </Filter>
    <Filter Include="Class\Scenes\LoadingScene">
      <UniqueIdentifier>{ab41eaa2-11dd-4c8a-b390-80bce3726816}</UniqueIdentifier>
    </Filter>
    <Filter Include="Class\Scenes\EasterEggsScene">
      <UniqueIdentifier>{7985a22a-eba9-465a-a923-d27268762567}</UniqueIdentifier>
    </Filter>
    <Filter Include="Class\Scenes\HelpScene">
      <UniqueIdentifier>{200ce446-1269-40f3-953a-cf17d04394a0}</UniqueIdentifier>
    </Filter>
    <Filter Include="Class\Scenes\MainMenuScene">
      <UniqueIdentifier>{b0039043-07b8-4e21-8a7b-f31cdb15cb5e}</UniqueIdentifier>
    </Filter>
    <Filter Include="Class\Scenes\WorldScene">
      <UniqueIdentifier>{98aa41e0-f9dc-4adb-a116-5d45eb6355d9}</UniqueIdentifier>
    </Filter>
    <Filter Include="Class\Scenes\GameScene">
      <UniqueIdentifier>{753768f8-0a45-43e2-b4f5-fea9802d4856}</UniqueIdentifier>
    </Filter>
    <Filter Include="Class\Plants">
      <UniqueIdentifier>{f8ef0ba3-b2e7-44e4-8ae7-66d2e469924a}</UniqueIdentifier>
    </Filter>
    <Filter Include="Class\Plants\DefensePlants">
      <UniqueIdentifier>{f553126a-5731-4572-b32c-39dc830983bd}</UniqueIdentifier>
    </Filter>
    <Filter Include="Class\Plants\EmissionPlants">
      <UniqueIdentifier>{491be46e-f55e-4c96-a284-c1eb54b5d154}</UniqueIdentifier>
    </Filter>
    <Filter Include="Class\Plants\EmissionPlants\Bullet">
      <UniqueIdentifier>{1a4b0b49-74ec-4760-86c9-f8b95fd8ec08}</UniqueIdentifier>
    </Filter>
    <Filter Include="Class\Plants\BattlePlants">
      <UniqueIdentifier>{17b7f438-510b-4057-8483-09bbee9b35b0}</UniqueIdentifier>
    </Filter>
    <Filter Include="Class\Based">
      <UniqueIdentifier>{2f5f84c2-26a2-4a6f-ac7e-3dca217d7207}</UniqueIdentifier>
    </Filter>
    <Filter Include="Class\Scenes\GameScene\SurvivalScene">
      <UniqueIdentifier>{9e77df16-359c-43af-99ba-6f16b27c4bdb}</UniqueIdentifier>
    </Filter>
    <Filter Include="Class\Scenes\SelectPlantsScene\SurvivalSelectScene">
      <UniqueIdentifier>{07bc8c1a-d9fe-4ba7-a28b-fd126690f3ae}</UniqueIdentifier>
    </Filter>
  </ItemGroup>
  <ItemGroup>
    <ResourceCompile Include="game.rc">
      <Filter>resource</Filter>
    </ResourceCompile>
  </ItemGroup>
  <ItemGroup>
    <Image Include="res\PlantsVsZombies.ico" />
  </ItemGroup>
  <ItemGroup>
    <ClCompile Include="..\Classes\Based\LZBCar.cpp">
      <Filter>Class\Based</Filter>
    </ClCompile>
    <ClCompile Include="..\Classes\Based\LZBAppDelegate.cpp">
      <Filter>Class\Based</Filter>
    </ClCompile>
    <ClCompile Include="..\Classes\Based\LZBCoin.cpp">
      <Filter>Class\Based</Filter>
    </ClCompile>
    <ClCompile Include="..\Classes\Based\LZBDialog.cpp">
      <Filter>Class\Based</Filter>
    </ClCompile>
    <ClCompile Include="..\Classes\Based\LZBGameType.cpp">
      <Filter>Class\Based</Filter>
    </ClCompile>
    <ClCompile Include="..\Classes\Based\LZBGlobalVariable.cpp">
      <Filter>Class\Based</Filter>
    </ClCompile>
    <ClCompile Include="..\Classes\Based\LZBLevelData.cpp">
      <Filter>Class\Based</Filter>
    </ClCompile>
    <ClCompile Include="..\Classes\Based\LZBPlayMusic.cpp">
      <Filter>Class\Based</Filter>
    </ClCompile>
    <ClCompile Include="..\Classes\Based\LZBUserData.cpp">
      <Filter>Class\Based</Filter>
    </ClCompile>
    <ClCompile Include="..\Classes\Based\LZBUserInformation.cpp">
      <Filter>Class\Based</Filter>
    </ClCompile>
    <ClCompile Include="..\Classes\Based\LZBUserWinRequirement.cpp">
      <Filter>Class\Based</Filter>
    </ClCompile>
    <ClCompile Include="..\Classes\Based\LZBVideoPlayer.cpp">
      <Filter>Class\Based</Filter>
    </ClCompile>
    <ClCompile Include="..\Classes\Plants\BattlePlants\LZPBBattlePlants.cpp">
      <Filter>Class\Plants\BattlePlants</Filter>
    </ClCompile>
    <ClCompile Include="..\Classes\Plants\BattlePlants\LZPBCherryBomb.cpp">
      <Filter>Class\Plants\BattlePlants</Filter>
    </ClCompile>
    <ClCompile Include="..\Classes\Plants\BattlePlants\LZPBJalapeno.cpp">
      <Filter>Class\Plants\BattlePlants</Filter>
    </ClCompile>
    <ClCompile Include="..\Classes\Plants\BattlePlants\LZPBPotatoMine.cpp">
      <Filter>Class\Plants\BattlePlants</Filter>
    </ClCompile>
    <ClCompile Include="..\Classes\Plants\BattlePlants\LZPBSpikeweed.cpp">
      <Filter>Class\Plants\BattlePlants</Filter>
    </ClCompile>
    <ClCompile Include="..\Classes\Plants\DefensePlants\LZPDGarlic.cpp">
      <Filter>Class\Plants\DefensePlants</Filter>
    </ClCompile>
    <ClCompile Include="..\Classes\Plants\DefensePlants\LZPDSunFlower.cpp">
      <Filter>Class\Plants\DefensePlants</Filter>
    </ClCompile>
    <ClCompile Include="..\Classes\Plants\DefensePlants\LZPDTorchwood.cpp">
      <Filter>Class\Plants\DefensePlants</Filter>
    </ClCompile>
    <ClCompile Include="..\Classes\Plants\DefensePlants\LZPDWallNut.cpp">
      <Filter>Class\Plants\DefensePlants</Filter>
    </ClCompile>
    <ClCompile Include="..\Classes\Plants\EmissionPlants\Bullet\LZPEBAcidLemonBullet.cpp">
      <Filter>Class\Plants\EmissionPlants\Bullet</Filter>
    </ClCompile>
    <ClCompile Include="..\Classes\Plants\EmissionPlants\Bullet\LZPEBBullet.cpp">
      <Filter>Class\Plants\EmissionPlants\Bullet</Filter>
    </ClCompile>
    <ClCompile Include="..\Classes\Plants\EmissionPlants\Bullet\LZPEBCabbage.cpp">
      <Filter>Class\Plants\EmissionPlants\Bullet</Filter>
    </ClCompile>
    <ClCompile Include="..\Classes\Plants\EmissionPlants\Bullet\LZPEBCitronBullet.cpp">
      <Filter>Class\Plants\EmissionPlants\Bullet</Filter>
    </ClCompile>
    <ClCompile Include="..\Classes\Plants\EmissionPlants\Bullet\LZPEBFirePea.cpp">
      <Filter>Class\Plants\EmissionPlants\Bullet</Filter>
    </ClCompile>
    <ClCompile Include="..\Classes\Plants\EmissionPlants\Bullet\LZPEBPea.cpp">
      <Filter>Class\Plants\EmissionPlants\Bullet</Filter>
    </ClCompile>
    <ClCompile Include="..\Classes\Plants\EmissionPlants\LZPEAcidLemon.cpp">
      <Filter>Class\Plants\EmissionPlants</Filter>
    </ClCompile>
    <ClCompile Include="..\Classes\Plants\EmissionPlants\LZPECabbagePult.cpp">
      <Filter>Class\Plants\EmissionPlants</Filter>
    </ClCompile>
    <ClCompile Include="..\Classes\Plants\EmissionPlants\LZPECitron.cpp">
      <Filter>Class\Plants\EmissionPlants</Filter>
    </ClCompile>
    <ClCompile Include="..\Classes\Plants\EmissionPlants\LZPEEmissionPlants.cpp">
      <Filter>Class\Plants\EmissionPlants</Filter>
    </ClCompile>
    <ClCompile Include="..\Classes\Plants\EmissionPlants\LZPEFirePeaShooter.cpp">
      <Filter>Class\Plants\EmissionPlants</Filter>
    </ClCompile>
    <ClCompile Include="..\Classes\Plants\EmissionPlants\LZPEPeaShooter.cpp">
      <Filter>Class\Plants\EmissionPlants</Filter>
    </ClCompile>
    <ClCompile Include="..\Classes\Plants\LZPPlants.cpp">
      <Filter>Class\Plants</Filter>
    </ClCompile>
    <ClCompile Include="..\Classes\Scenes\EasterEggsScene\LZSEGameEasterEggs.cpp">
      <Filter>Class\Scenes\EasterEggsScene</Filter>
    </ClCompile>
    <ClCompile Include="..\Classes\Scenes\GameScene\SurvivalGameScene\LZSGSSurvivalControlLayer.cpp">
      <Filter>Class\Scenes\GameScene\SurvivalScene</Filter>
    </ClCompile>
    <ClCompile Include="..\Classes\Scenes\GameScene\SurvivalGameScene\LZSGSSurvivalGameScene.cpp">
      <Filter>Class\Scenes\GameScene\SurvivalScene</Filter>
    </ClCompile>
    <ClCompile Include="..\Classes\Scenes\GameScene\LZSGGameScene.cpp">
      <Filter>Class\Scenes\GameScene</Filter>
    </ClCompile>
    <ClCompile Include="..\Classes\Scenes\GameScene\LZSGAnimationLayer.cpp">
      <Filter>Class\Scenes\GameScene</Filter>
    </ClCompile>
    <ClCompile Include="..\Classes\Scenes\GameScene\LZSGData.cpp">
      <Filter>Class\Scenes\GameScene</Filter>
    </ClCompile>
    <ClCompile Include="..\Classes\Scenes\GameScene\LZSGControlLayer.cpp">
      <Filter>Class\Scenes\GameScene</Filter>
    </ClCompile>
    <ClCompile Include="..\Classes\Scenes\GameScene\LZSGButtonLayer.cpp">
      <Filter>Class\Scenes\GameScene</Filter>
    </ClCompile>
    <ClCompile Include="..\Classes\Scenes\GameScene\LZSGBackgroundLayer.cpp">
      <Filter>Class\Scenes\GameScene</Filter>
    </ClCompile>
    <ClCompile Include="..\Classes\Scenes\GameScene\LZSGGameEndLayer.cpp">
      <Filter>Class\Scenes\GameScene</Filter>
    </ClCompile>
    <ClCompile Include="..\Classes\Scenes\GameScene\LZSGGameResultJudgement.cpp">
      <Filter>Class\Scenes\GameScene</Filter>
    </ClCompile>
    <ClCompile Include="..\Classes\Scenes\GameScene\LZSGInformationLayer.cpp">
      <Filter>Class\Scenes\GameScene</Filter>
    </ClCompile>
    <ClCompile Include="..\Classes\Scenes\GameScene\LZSGPauseLayer.cpp">
      <Filter>Class\Scenes\GameScene</Filter>
    </ClCompile>
    <ClCompile Include="..\Classes\Scenes\GameScene\LZSGPauseQuitLayer.cpp">
      <Filter>Class\Scenes\GameScene</Filter>
    </ClCompile>
    <ClCompile Include="..\Classes\Scenes\GameScene\LZSGRequirementLayer.cpp">
      <Filter>Class\Scenes\GameScene</Filter>
    </ClCompile>
    <ClCompile Include="..\Classes\Scenes\GameScene\LZSGZombiesAppearControl.cpp">
      <Filter>Class\Scenes\GameScene</Filter>
    </ClCompile>
    <ClCompile Include="..\Classes\Scenes\GameScene\LZSGMirrorGameScene.cpp">
      <Filter>Class\Scenes\GameScene</Filter>
    </ClCompile>
    <ClCompile Include="..\Classes\Scenes\GameScene\LZSGOpenCaveGameScene.cpp">
      <Filter>Class\Scenes\GameScene</Filter>
    </ClCompile>
    <ClCompile Include="..\Classes\Scenes\HelpScene\LZSHHelpScene.cpp">
      <Filter>Class\Scenes\HelpScene</Filter>
    </ClCompile>
    <ClCompile Include="..\Classes\Scenes\LoadingScene\LZSLLoadingScene.cpp">
      <Filter>Class\Scenes\LoadingScene</Filter>
    </ClCompile>
    <ClCompile Include="..\Classes\Scenes\MainMenuScene\LZSMInputDataScene.cpp">
      <Filter>Class\Scenes\MainMenuScene</Filter>
    </ClCompile>
    <ClCompile Include="..\Classes\Scenes\MainMenuScene\LZSMMainMenu.cpp">
      <Filter>Class\Scenes\MainMenuScene</Filter>
    </ClCompile>
    <ClCompile Include="..\Classes\Scenes\MainMenuScene\LZSMOptionsSence.cpp">
      <Filter>Class\Scenes\MainMenuScene</Filter>
    </ClCompile>
    <ClCompile Include="..\Classes\Scenes\MainMenuScene\LZSMQuitScene.cpp">
      <Filter>Class\Scenes\MainMenuScene</Filter>
    </ClCompile>
    <ClCompile Include="..\Classes\Scenes\MainMenuScene\LZSMUpdateClient.cpp">
      <Filter>Class\Scenes\MainMenuScene</Filter>
    </ClCompile>
    <ClCompile Include="..\Classes\Scenes\SelectPlantsScene\SurvivalSelectScene\LZSSSSurvivalSelectScene.cpp">
      <Filter>Class\Scenes\SelectPlantsScene\SurvivalSelectScene</Filter>
    </ClCompile>
    <ClCompile Include="..\Classes\Scenes\SelectPlantsScene\LZSSMirrorSelectPlantsScene.cpp">
      <Filter>Class\Scenes\SelectPlantsScene</Filter>
    </ClCompile>
    <ClCompile Include="..\Classes\Scenes\SelectPlantsScene\LZSSSelectPlantsScene.cpp">
      <Filter>Class\Scenes\SelectPlantsScene</Filter>
    </ClCompile>
    <ClCompile Include="..\Classes\Scenes\SelectPlantsScene\LZSSControlLayer.cpp">
      <Filter>Class\Scenes\SelectPlantsScene</Filter>
    </ClCompile>
    <ClCompile Include="..\Classes\Scenes\SelectPlantsScene\LZSSBackgroundLayer.cpp">
      <Filter>Class\Scenes\SelectPlantsScene</Filter>
    </ClCompile>
    <ClCompile Include="..\Classes\Scenes\SelectPlantsScene\LZSSJumpLevelLayer.cpp">
      <Filter>Class\Scenes\SelectPlantsScene</Filter>
    </ClCompile>
    <ClCompile Include="..\Classes\Scenes\SelectPlantsScene\LZSSQuitLayer.cpp">
      <Filter>Class\Scenes\SelectPlantsScene</Filter>
    </ClCompile>
    <ClCompile Include="..\Classes\Scenes\SelectPlantsScene\LZSSRequriementLayer.cpp">
      <Filter>Class\Scenes\SelectPlantsScene</Filter>
    </ClCompile>
    <ClCompile Include="..\Classes\Scenes\SelectPlantsScene\LZSSSpriteLayer.cpp">
      <Filter>Class\Scenes\SelectPlantsScene</Filter>
    </ClCompile>
    <ClCompile Include="..\Classes\Scenes\WorldScene\LZSMSelectWorldScene.cpp">
      <Filter>Class\Scenes\WorldScene</Filter>
    </ClCompile>
    <ClCompile Include="..\Classes\Scenes\WorldScene\LZSMModernWorld.cpp">
      <Filter>Class\Scenes\WorldScene</Filter>
    </ClCompile>
    <ClCompile Include="..\Classes\Zombies\LZZBucketDoorFlagZombies.cpp">
      <Filter>Class\Zombies</Filter>
    </ClCompile>
    <ClCompile Include="..\Classes\Zombies\LZZBucketDoorZombies.cpp">
      <Filter>Class\Zombies</Filter>
    </ClCompile>
    <ClCompile Include="..\Classes\Zombies\LZZBucketFlagZombies.cpp">
      <Filter>Class\Zombies</Filter>
    </ClCompile>
    <ClCompile Include="..\Classes\Zombies\LZZBucketZombies.cpp">
      <Filter>Class\Zombies</Filter>
    </ClCompile>
    <ClCompile Include="..\Classes\Zombies\LZZCommonDoorFlagZombies.cpp">
      <Filter>Class\Zombies</Filter>
    </ClCompile>
    <ClCompile Include="..\Classes\Zombies\LZZCommonDoorZombies.cpp">
      <Filter>Class\Zombies</Filter>
    </ClCompile>
    <ClCompile Include="..\Classes\Zombies\LZZCommonFlagZombies.cpp">
      <Filter>Class\Zombies</Filter>
    </ClCompile>
    <ClCompile Include="..\Classes\Zombies\LZZCommonZombies.cpp">
      <Filter>Class\Zombies</Filter>
    </ClCompile>
    <ClCompile Include="..\Classes\Zombies\LZZConeDoorFlagZombies.cpp">
      <Filter>Class\Zombies</Filter>
    </ClCompile>
    <ClCompile Include="..\Classes\Zombies\LZZConeDoorZombies.cpp">
      <Filter>Class\Zombies</Filter>
    </ClCompile>
    <ClCompile Include="..\Classes\Zombies\LZZConeFlagZombies.cpp">
      <Filter>Class\Zombies</Filter>
    </ClCompile>
    <ClCompile Include="..\Classes\Zombies\LZZConeZombies.cpp">
      <Filter>Class\Zombies</Filter>
    </ClCompile>
    <ClCompile Include="..\Classes\Zombies\LZZLmpZombies.cpp">
      <Filter>Class\Zombies</Filter>
    </ClCompile>
    <ClCompile Include="..\Classes\Zombies\LZZSnowZombies.cpp">
      <Filter>Class\Zombies</Filter>
    </ClCompile>
    <ClCompile Include="..\Classes\Zombies\LZZZombies.cpp">
      <Filter>Class\Zombies</Filter>
    </ClCompile>
    <ClCompile Include="..\Classes\LZPlantsVsZombies.cpp">
      <Filter>Class</Filter>
    </ClCompile>
    <ClCompile Include="..\Classes\Scenes\WorldScene\LZSMMirrorModernWorld.cpp">
      <Filter>Class\Scenes\WorldScene</Filter>
    </ClCompile>
    <ClCompile Include="..\Classes\Scenes\LoadingScene\LZSLSelectLanguageLayer.cpp">
      <Filter>Class\Scenes\LoadingScene</Filter>
    </ClCompile>
  </ItemGroup>
  <ItemGroup>
    <ClInclude Include="..\Classes\Based\LZBCar.h">
      <Filter>Class\Based</Filter>
    </ClInclude>
    <ClInclude Include="..\Classes\Based\LZBAppDelegate.h">
      <Filter>Class\Based</Filter>
    </ClInclude>
    <ClInclude Include="..\Classes\Based\LZBCoin.h">
      <Filter>Class\Based</Filter>
    </ClInclude>
    <ClInclude Include="..\Classes\Based\LZBDialog.h">
      <Filter>Class\Based</Filter>
    </ClInclude>
    <ClInclude Include="..\Classes\Based\LZBGameType.h">
      <Filter>Class\Based</Filter>
    </ClInclude>
    <ClInclude Include="..\Classes\Based\LZBGlobalVariable.h">
      <Filter>Class\Based</Filter>
    </ClInclude>
    <ClInclude Include="..\Classes\Based\LZBLevelData.h">
      <Filter>Class\Based</Filter>
    </ClInclude>
    <ClInclude Include="..\Classes\Based\LZBlibpvz.h">
      <Filter>Class\Based</Filter>
    </ClInclude>
    <ClInclude Include="..\Classes\Based\LZBPlayMusic.h">
      <Filter>Class\Based</Filter>
    </ClInclude>
    <ClInclude Include="..\Classes\Based\LZBUserData.h">
      <Filter>Class\Based</Filter>
    </ClInclude>
    <ClInclude Include="..\Classes\Based\LZBUserInformation.h">
      <Filter>Class\Based</Filter>
    </ClInclude>
    <ClInclude Include="..\Classes\Based\LZBUserWinRequirement.h">
      <Filter>Class\Based</Filter>
    </ClInclude>
    <ClInclude Include="..\Classes\Based\LZBVideoPlayer.h">
      <Filter>Class\Based</Filter>
    </ClInclude>
    <ClInclude Include="..\Classes\Plants\BattlePlants\LZPBBattlePlants.h">
      <Filter>Class\Plants\BattlePlants</Filter>
    </ClInclude>
    <ClInclude Include="..\Classes\Plants\BattlePlants\LZPBCherryBomb.h">
      <Filter>Class\Plants\BattlePlants</Filter>
    </ClInclude>
    <ClInclude Include="..\Classes\Plants\BattlePlants\LZPBJalapeno.h">
      <Filter>Class\Plants\BattlePlants</Filter>
    </ClInclude>
    <ClInclude Include="..\Classes\Plants\BattlePlants\LZPBPotatoMine.h">
      <Filter>Class\Plants\BattlePlants</Filter>
    </ClInclude>
    <ClInclude Include="..\Classes\Plants\BattlePlants\LZPBSpikeweed.h">
      <Filter>Class\Plants\BattlePlants</Filter>
    </ClInclude>
    <ClInclude Include="..\Classes\Plants\DefensePlants\LZPDGarlic.h">
      <Filter>Class\Plants\DefensePlants</Filter>
    </ClInclude>
    <ClInclude Include="..\Classes\Plants\DefensePlants\LZPDSunFlower.h">
      <Filter>Class\Plants\DefensePlants</Filter>
    </ClInclude>
    <ClInclude Include="..\Classes\Plants\DefensePlants\LZPDTorchwood.h">
      <Filter>Class\Plants\DefensePlants</Filter>
    </ClInclude>
    <ClInclude Include="..\Classes\Plants\DefensePlants\LZPDWallNut.h">
      <Filter>Class\Plants\DefensePlants</Filter>
    </ClInclude>
    <ClInclude Include="..\Classes\Plants\EmissionPlants\Bullet\LZPEBAcidLemonBullet.h">
      <Filter>Class\Plants\EmissionPlants\Bullet</Filter>
    </ClInclude>
    <ClInclude Include="..\Classes\Plants\EmissionPlants\Bullet\LZPEBBullet.h">
      <Filter>Class\Plants\EmissionPlants\Bullet</Filter>
    </ClInclude>
    <ClInclude Include="..\Classes\Plants\EmissionPlants\Bullet\LZPEBBullet-File.h">
      <Filter>Class\Plants\EmissionPlants\Bullet</Filter>
    </ClInclude>
    <ClInclude Include="..\Classes\Plants\EmissionPlants\Bullet\LZPEBCabbage.h">
      <Filter>Class\Plants\EmissionPlants\Bullet</Filter>
    </ClInclude>
    <ClInclude Include="..\Classes\Plants\EmissionPlants\Bullet\LZPEBCitronBullet.h">
      <Filter>Class\Plants\EmissionPlants\Bullet</Filter>
    </ClInclude>
    <ClInclude Include="..\Classes\Plants\EmissionPlants\Bullet\LZPEBFirePea.h">
      <Filter>Class\Plants\EmissionPlants\Bullet</Filter>
    </ClInclude>
    <ClInclude Include="..\Classes\Plants\EmissionPlants\Bullet\LZPEBPea.h">
      <Filter>Class\Plants\EmissionPlants\Bullet</Filter>
    </ClInclude>
    <ClInclude Include="..\Classes\Plants\EmissionPlants\LZPEAcidLemon.h">
      <Filter>Class\Plants\EmissionPlants</Filter>
    </ClInclude>
    <ClInclude Include="..\Classes\Plants\EmissionPlants\LZPECabbagePult.h">
      <Filter>Class\Plants\EmissionPlants</Filter>
    </ClInclude>
    <ClInclude Include="..\Classes\Plants\EmissionPlants\LZPECitron.h">
      <Filter>Class\Plants\EmissionPlants</Filter>
    </ClInclude>
    <ClInclude Include="..\Classes\Plants\EmissionPlants\LZPEEmissionPlants.h">
      <Filter>Class\Plants\EmissionPlants</Filter>
    </ClInclude>
    <ClInclude Include="..\Classes\Plants\EmissionPlants\LZPEFirePeaShooter.h">
      <Filter>Class\Plants\EmissionPlants</Filter>
    </ClInclude>
    <ClInclude Include="..\Classes\Plants\EmissionPlants\LZPEPeaShooter.h">
      <Filter>Class\Plants\EmissionPlants</Filter>
    </ClInclude>
    <ClInclude Include="..\Classes\Plants\LZPPlants.h">
      <Filter>Class\Plants</Filter>
    </ClInclude>
    <ClInclude Include="..\Classes\Plants\LZPPlants-Files.h">
      <Filter>Class\Plants</Filter>
    </ClInclude>
    <ClInclude Include="..\Classes\Scenes\EasterEggsScene\LZSEGameEasterEggs.h">
      <Filter>Class\Scenes\EasterEggsScene</Filter>
    </ClInclude>
    <ClInclude Include="..\Classes\Scenes\GameScene\SurvivalGameScene\LZSGSSurvivalControlLayer.h">
      <Filter>Class\Scenes\GameScene\SurvivalScene</Filter>
    </ClInclude>
    <ClInclude Include="..\Classes\Scenes\GameScene\SurvivalGameScene\LZSGSSurvivalGameScene.h">
      <Filter>Class\Scenes\GameScene\SurvivalScene</Filter>
    </ClInclude>
    <ClInclude Include="..\Classes\Scenes\GameScene\LZSGGameScene.h">
      <Filter>Class\Scenes\GameScene</Filter>
    </ClInclude>
    <ClInclude Include="..\Classes\Scenes\GameScene\LZSGDefine.h">
      <Filter>Class\Scenes\GameScene</Filter>
    </ClInclude>
    <ClInclude Include="..\Classes\Scenes\GameScene\LZSGData.h">
      <Filter>Class\Scenes\GameScene</Filter>
    </ClInclude>
    <ClInclude Include="..\Classes\Scenes\GameScene\LZSGControlLayer.h">
      <Filter>Class\Scenes\GameScene</Filter>
    </ClInclude>
    <ClInclude Include="..\Classes\Scenes\GameScene\LZSGButtonLayer.h">
      <Filter>Class\Scenes\GameScene</Filter>
    </ClInclude>
    <ClInclude Include="..\Classes\Scenes\GameScene\LZSGBackgroundLayer.h">
      <Filter>Class\Scenes\GameScene</Filter>
    </ClInclude>
    <ClInclude Include="..\Classes\Scenes\GameScene\LZSGAnimationLayer.h">
      <Filter>Class\Scenes\GameScene</Filter>
    </ClInclude>
    <ClInclude Include="..\Classes\Scenes\GameScene\LZSGGameEndLayer.h">
      <Filter>Class\Scenes\GameScene</Filter>
    </ClInclude>
    <ClInclude Include="..\Classes\Scenes\GameScene\LZSGGameResultJudgement.h">
      <Filter>Class\Scenes\GameScene</Filter>
    </ClInclude>
    <ClInclude Include="..\Classes\Scenes\GameScene\LZSGInformationLayer.h">
      <Filter>Class\Scenes\GameScene</Filter>
    </ClInclude>
    <ClInclude Include="..\Classes\Scenes\GameScene\LZSGPauseLayer.h">
      <Filter>Class\Scenes\GameScene</Filter>
    </ClInclude>
    <ClInclude Include="..\Classes\Scenes\GameScene\LZSGPauseQuitLayer.h">
      <Filter>Class\Scenes\GameScene</Filter>
    </ClInclude>
    <ClInclude Include="..\Classes\Scenes\GameScene\LZSGRequirementLayer.h">
      <Filter>Class\Scenes\GameScene</Filter>
    </ClInclude>
    <ClInclude Include="..\Classes\Scenes\GameScene\LZSGZombiesAppearControl.h">
      <Filter>Class\Scenes\GameScene</Filter>
    </ClInclude>
    <ClInclude Include="..\Classes\Scenes\GameScene\LZSGMirrorGameScene.h">
      <Filter>Class\Scenes\GameScene</Filter>
    </ClInclude>
    <ClInclude Include="..\Classes\Scenes\GameScene\LZSGOpenCaveGameScene.h">
      <Filter>Class\Scenes\GameScene</Filter>
    </ClInclude>
    <ClInclude Include="..\Classes\Scenes\HelpScene\LZSHHelpScene.h">
      <Filter>Class\Scenes\HelpScene</Filter>
    </ClInclude>
    <ClInclude Include="..\Classes\Scenes\LoadingScene\LZSLLoadingScene.h">
      <Filter>Class\Scenes\LoadingScene</Filter>
    </ClInclude>
    <ClInclude Include="..\Classes\Scenes\MainMenuScene\LZSMInputDataScene.h">
      <Filter>Class\Scenes\MainMenuScene</Filter>
    </ClInclude>
    <ClInclude Include="..\Classes\Scenes\MainMenuScene\LZSMMainMenu.h">
      <Filter>Class\Scenes\MainMenuScene</Filter>
    </ClInclude>
    <ClInclude Include="..\Classes\Scenes\MainMenuScene\LZSMOptionsSence.h">
      <Filter>Class\Scenes\MainMenuScene</Filter>
    </ClInclude>
    <ClInclude Include="..\Classes\Scenes\MainMenuScene\LZSMQuitScene.h">
      <Filter>Class\Scenes\MainMenuScene</Filter>
    </ClInclude>
    <ClInclude Include="..\Classes\Scenes\MainMenuScene\LZSMUpdateClient.h">
      <Filter>Class\Scenes\MainMenuScene</Filter>
    </ClInclude>
    <ClInclude Include="..\Classes\Scenes\SelectPlantsScene\SurvivalSelectScene\LZSSSSurvivalSelectScene.h">
      <Filter>Class\Scenes\SelectPlantsScene\SurvivalSelectScene</Filter>
    </ClInclude>
    <ClInclude Include="..\Classes\Scenes\SelectPlantsScene\LZSSMirrorSelectPlantsScene.h">
      <Filter>Class\Scenes\SelectPlantsScene</Filter>
    </ClInclude>
    <ClInclude Include="..\Classes\Scenes\SelectPlantsScene\LZSSSelectPlantsScene.h">
      <Filter>Class\Scenes\SelectPlantsScene</Filter>
    </ClInclude>
    <ClInclude Include="..\Classes\Scenes\SelectPlantsScene\LZSSBackgroundLayer.h">
      <Filter>Class\Scenes\SelectPlantsScene</Filter>
    </ClInclude>
    <ClInclude Include="..\Classes\Scenes\SelectPlantsScene\LZSSControlLayer.h">
      <Filter>Class\Scenes\SelectPlantsScene</Filter>
    </ClInclude>
    <ClInclude Include="..\Classes\Scenes\SelectPlantsScene\LZSSJumpLevelLayer.h">
      <Filter>Class\Scenes\SelectPlantsScene</Filter>
    </ClInclude>
    <ClInclude Include="..\Classes\Scenes\SelectPlantsScene\LZSSQuitLayer.h">
      <Filter>Class\Scenes\SelectPlantsScene</Filter>
    </ClInclude>
    <ClInclude Include="..\Classes\Scenes\SelectPlantsScene\LZSSRequriementLayer.h">
      <Filter>Class\Scenes\SelectPlantsScene</Filter>
    </ClInclude>
    <ClInclude Include="..\Classes\Scenes\SelectPlantsScene\LZSSSpriteLayer.h">
      <Filter>Class\Scenes\SelectPlantsScene</Filter>
    </ClInclude>
    <ClInclude Include="..\Classes\Scenes\WorldScene\LZSMSelectWorldScene.h">
      <Filter>Class\Scenes\WorldScene</Filter>
    </ClInclude>
    <ClInclude Include="..\Classes\Scenes\WorldScene\LZSMModernWorld.h">
      <Filter>Class\Scenes\WorldScene</Filter>
    </ClInclude>
    <ClInclude Include="..\Classes\Zombies\LZZBucketDoorFlagZombies.h">
      <Filter>Class\Zombies</Filter>
    </ClInclude>
    <ClInclude Include="..\Classes\Zombies\LZZBucketDoorZombies.h">
      <Filter>Class\Zombies</Filter>
    </ClInclude>
    <ClInclude Include="..\Classes\Zombies\LZZBucketFlagZombies.h">
      <Filter>Class\Zombies</Filter>
    </ClInclude>
    <ClInclude Include="..\Classes\Zombies\LZZBucketZombies.h">
      <Filter>Class\Zombies</Filter>
    </ClInclude>
    <ClInclude Include="..\Classes\Zombies\LZZCommonDoorFlagZombies.h">
      <Filter>Class\Zombies</Filter>
    </ClInclude>
    <ClInclude Include="..\Classes\Zombies\LZZCommonDoorZombies.h">
      <Filter>Class\Zombies</Filter>
    </ClInclude>
    <ClInclude Include="..\Classes\Zombies\LZZCommonFlagZombies.h">
      <Filter>Class\Zombies</Filter>
    </ClInclude>
    <ClInclude Include="..\Classes\Zombies\LZZCommonZombies.h">
      <Filter>Class\Zombies</Filter>
    </ClInclude>
    <ClInclude Include="..\Classes\Zombies\LZZConeDoorFlagZombies.h">
      <Filter>Class\Zombies</Filter>
    </ClInclude>
    <ClInclude Include="..\Classes\Zombies\LZZConeDoorZombies.h">
      <Filter>Class\Zombies</Filter>
    </ClInclude>
    <ClInclude Include="..\Classes\Zombies\LZZConeFlagZombies.h">
      <Filter>Class\Zombies</Filter>
    </ClInclude>
    <ClInclude Include="..\Classes\Zombies\LZZConeZombies.h">
      <Filter>Class\Zombies</Filter>
    </ClInclude>
    <ClInclude Include="..\Classes\Zombies\LZZLmpZombies.h">
      <Filter>Class\Zombies</Filter>
    </ClInclude>
    <ClInclude Include="..\Classes\Zombies\LZZSnowZombies.h">
      <Filter>Class\Zombies</Filter>
    </ClInclude>
    <ClInclude Include="..\Classes\Zombies\LZZZombies.h">
      <Filter>Class\Zombies</Filter>
    </ClInclude>
    <ClInclude Include="..\Classes\Zombies\LZZZombies-Files.h">
      <Filter>Class\Zombies</Filter>
    </ClInclude>
    <ClInclude Include="..\Classes\LZPlantsVsZombies.h">
      <Filter>Class</Filter>
    </ClInclude>
    <ClInclude Include="..\Classes\Scenes\WorldScene\LZSMMirrorModernWorld.h">
      <Filter>Class\Scenes\WorldScene</Filter>
    </ClInclude>
    <ClInclude Include="..\Classes\Scenes\LoadingScene\LZSLSelectLanguageLayer.h">
      <Filter>Class\Scenes\LoadingScene</Filter>
    </ClInclude>
  </ItemGroup>
  <ItemGroup>
    <None Include="ClassDiagram.cd" />
  </ItemGroup>
</Project>