<?xml version="1.0" encoding="utf-8"?>
<Project ToolsVersion="4.0" xmlns="http://schemas.microsoft.com/developer/msbuild/2003">
  <ItemGroup>
    <Filter Include="resource">
      <UniqueIdentifier>{715254bc-d70b-4ec5-bf29-467dd3ace079}</UniqueIdentifier>
    </Filter>
    <Filter Include="Class">
      <UniqueIdentifier>{c99b1fb1-6ade-4c47-a881-e97557aee664}</UniqueIdentifier>
    </Filter>
    <Filter Include="Class\Zombies">
      <UniqueIdentifier>{08994310-9b19-4e2e-ab8e-fd2511523c27}</UniqueIdentifier>
    </Filter>
    <Filter Include="Class\Scenes">
      <UniqueIdentifier>{ff93a335-7aee-40d4-b0fe-5ad2c5421ee3}</UniqueIdentifier>
    </Filter>
    <Filter Include="Class\Scenes\LoadingScene">
      <UniqueIdentifier>{ab41eaa2-11dd-4c8a-b390-80bce3726816}</UniqueIdentifier>
    </Filter>
    <Filter Include="Class\Scenes\EasterEggsScene">
      <UniqueIdentifier>{7985a22a-eba9-465a-a923-d27268762567}</UniqueIdentifier>
    </Filter>
    <Filter Include="Class\Scenes\HelpScene">
      <UniqueIdentifier>{200ce446-1269-40f3-953a-cf17d04394a0}</UniqueIdentifier>
    </Filter>
    <Filter Include="Class\Plants">
      <UniqueIdentifier>{f8ef0ba3-b2e7-44e4-8ae7-66d2e469924a}</UniqueIdentifier>
    </Filter>
    <Filter Include="Class\Plants\DefensePlants">
      <UniqueIdentifier>{f553126a-5731-4572-b32c-39dc830983bd}</UniqueIdentifier>
    </Filter>
    <Filter Include="Class\Plants\EmissionPlants">
      <UniqueIdentifier>{491be46e-f55e-4c96-a284-c1eb54b5d154}</UniqueIdentifier>
    </Filter>
    <Filter Include="Class\Plants\EmissionPlants\Bullet">
      <UniqueIdentifier>{1a4b0b49-74ec-4760-86c9-f8b95fd8ec08}</UniqueIdentifier>
    </Filter>
    <Filter Include="Class\Plants\BattlePlants">
      <UniqueIdentifier>{17b7f438-510b-4057-8483-09bbee9b35b0}</UniqueIdentifier>
    </Filter>
    <Filter Include="Class\Based">
      <UniqueIdentifier>{2f5f84c2-26a2-4a6f-ac7e-3dca217d7207}</UniqueIdentifier>
    </Filter>
    <Filter Include="Class\Scenes\GameScenes">
      <UniqueIdentifier>{37b73b57-98d9-41c9-bafb-71fbdbd2bd11}</UniqueIdentifier>
    </Filter>
    <Filter Include="Class\Scenes\GameScenes\BigMap">
      <UniqueIdentifier>{ae171f0f-3fbc-4fbf-8551-2ec701062467}</UniqueIdentifier>
    </Filter>
    <Filter Include="Class\Scenes\GameScenes\HammerZombies">
      <UniqueIdentifier>{e2a53c3d-1015-479a-aff9-fec2f5e5cc52}</UniqueIdentifier>
    </Filter>
    <Filter Include="Class\Scenes\GameScenes\Adventure">
      <UniqueIdentifier>{c8f5aa84-ebe2-485a-a451-0274732b002d}</UniqueIdentifier>
    </Filter>
    <Filter Include="Class\Scenes\GameScenes\Adventure\GameScene">
      <UniqueIdentifier>{753768f8-0a45-43e2-b4f5-fea9802d4856}</UniqueIdentifier>
    </Filter>
    <Filter Include="Class\Scenes\GameScenes\Adventure\SelectPlantsScene">
      <UniqueIdentifier>{3262196a-0c86-4807-a2fd-edcb4833f0aa}</UniqueIdentifier>
    </Filter>
    <Filter Include="Class\Scenes\GameScenes\Adventure\WorldScene">
      <UniqueIdentifier>{6bd53b75-9c2b-4ab8-b5de-a9235ecbb112}</UniqueIdentifier>
    </Filter>
    <Filter Include="Class\Scenes\GameScenes\BigMap\WorldScene">
      <UniqueIdentifier>{5630ddf9-3f4f-4998-bc1f-d6db6cbd819c}</UniqueIdentifier>
    </Filter>
    <Filter Include="Class\Scenes\GameScenes\BigMap\GameScene">
      <UniqueIdentifier>{efa57806-787c-44c4-b82a-e80ba74aa8ca}</UniqueIdentifier>
    </Filter>
    <Filter Include="Class\Scenes\GameScenes\BigMap\SelectPlantsScene">
      <UniqueIdentifier>{960fabe8-0cb8-48ba-a8f8-d871aa1e7ca3}</UniqueIdentifier>
    </Filter>
    <Filter Include="Class\Scenes\GameScenes\HammerZombies\GameScene">
      <UniqueIdentifier>{d60eb052-819d-47f8-85db-5f3f46dc4617}</UniqueIdentifier>
    </Filter>
    <Filter Include="Class\Scenes\GameScenes\Survival">
      <UniqueIdentifier>{8ec8a052-7a81-480b-bd9d-561ce204db3c}</UniqueIdentifier>
    </Filter>
    <Filter Include="Class\Scenes\GameScenes\Survival\GameScene">
      <UniqueIdentifier>{9e77df16-359c-43af-99ba-6f16b27c4bdb}</UniqueIdentifier>
    </Filter>
    <Filter Include="Class\Scenes\GameScenes\Survival\SelectPlantsScene">
      <UniqueIdentifier>{07bc8c1a-d9fe-4ba7-a28b-fd126690f3ae}</UniqueIdentifier>
    </Filter>
    <Filter Include="Class\Scenes\SelectWorldScene">
      <UniqueIdentifier>{98aa41e0-f9dc-4adb-a116-5d45eb6355d9}</UniqueIdentifier>
    </Filter>
    <Filter Include="Class\Scenes\GameScenes\TestingGround">
      <UniqueIdentifier>{8959c270-bf50-487a-afa1-37508e08891e}</UniqueIdentifier>
    </Filter>
    <Filter Include="Class\Scenes\GameScenes\TestingGround\GameScene">
      <UniqueIdentifier>{ac158e42-b716-474b-9462-6a10ebc3b34a}</UniqueIdentifier>
    </Filter>
    <Filter Include="Class\Scenes\GameScenes\TestingGround\SelectPlantsScene">
      <UniqueIdentifier>{1611b634-6aeb-45c5-927f-9b57803b5f0c}</UniqueIdentifier>
    </Filter>
    <Filter Include="Class\Scenes\GameScenes\IZombies">
      <UniqueIdentifier>{2d402ce2-fd0e-41e5-a2aa-ef6f37c2ff91}</UniqueIdentifier>
    </Filter>
    <Filter Include="Class\Scenes\GameScenes\IZombies\GameScene">
      <UniqueIdentifier>{88c827a7-a2cc-4872-9862-a970434eb665}</UniqueIdentifier>
    </Filter>
    <Filter Include="Class\Scenes\MainMenuScene">
      <UniqueIdentifier>{b0039043-07b8-4e21-8a7b-f31cdb15cb5e}</UniqueIdentifier>
    </Filter>
  </ItemGroup>
  <ItemGroup>
    <ResourceCompile Include="game.rc">
      <Filter>resource</Filter>
    </ResourceCompile>
  </ItemGroup>
  <ItemGroup>
    <Image Include="res\PlantsVsZombies.ico" />
  </ItemGroup>
  <ItemGroup>
    <ClCompile Include="..\Classes\LZPlantsVsZombies.cpp">
      <Filter>Class</Filter>
    </ClCompile>
    <ClCompile Include="..\Classes\Zombies\LZGargantuarZombies.cpp">
      <Filter>Class\Zombies</Filter>
    </ClCompile>
    <ClCompile Include="..\Classes\Scenes\GameScenes\HammerZombies\GameScene\LZHAnimationLayer.cpp">
      <Filter>Class\Scenes\GameScenes\HammerZombies\GameScene</Filter>
    </ClCompile>
    <ClCompile Include="..\Classes\Scenes\GameScenes\HammerZombies\GameScene\LZHBackGroundLayer.cpp">
      <Filter>Class\Scenes\GameScenes\HammerZombies\GameScene</Filter>
    </ClCompile>
    <ClCompile Include="..\Classes\Scenes\GameScenes\HammerZombies\GameScene\LZHButtonLayer.cpp">
      <Filter>Class\Scenes\GameScenes\HammerZombies\GameScene</Filter>
    </ClCompile>
    <ClCompile Include="..\Classes\Scenes\GameScenes\HammerZombies\GameScene\LZHControlLayer.cpp">
      <Filter>Class\Scenes\GameScenes\HammerZombies\GameScene</Filter>
    </ClCompile>
    <ClCompile Include="..\Classes\Scenes\GameScenes\HammerZombies\GameScene\LZHGameEndLayer.cpp">
      <Filter>Class\Scenes\GameScenes\HammerZombies\GameScene</Filter>
    </ClCompile>
    <ClCompile Include="..\Classes\Scenes\GameScenes\HammerZombies\GameScene\LZHGameTimerLayer.cpp">
      <Filter>Class\Scenes\GameScenes\HammerZombies\GameScene</Filter>
    </ClCompile>
    <ClCompile Include="..\Classes\Scenes\GameScenes\HammerZombies\GameScene\LZHInformationLayer.cpp">
      <Filter>Class\Scenes\GameScenes\HammerZombies\GameScene</Filter>
    </ClCompile>
    <ClCompile Include="..\Classes\Scenes\GameScenes\HammerZombies\GameScene\LZHPauseQuiteLayer.cpp">
      <Filter>Class\Scenes\GameScenes\HammerZombies\GameScene</Filter>
    </ClCompile>
    <ClCompile Include="..\Classes\Scenes\GameScenes\Survival\GameScene\LZSSurvivalControlLayer.cpp">
      <Filter>Class\Scenes\GameScenes\Survival\GameScene</Filter>
    </ClCompile>
    <ClCompile Include="..\Classes\Scenes\GameScenes\Survival\GameScene\LZSSurvivalGameScene.cpp">
      <Filter>Class\Scenes\GameScenes\Survival\GameScene</Filter>
    </ClCompile>
    <ClCompile Include="..\Classes\Scenes\GameScenes\Survival\SelectPlantsScene\LZSSurvivalSelectScene.cpp">
      <Filter>Class\Scenes\GameScenes\Survival\SelectPlantsScene</Filter>
    </ClCompile>
    <ClCompile Include="..\Classes\Based\LZAppDelegate.cpp">
      <Filter>Class\Based</Filter>
    </ClCompile>
    <ClCompile Include="..\Classes\Based\LZCar.cpp">
      <Filter>Class\Based</Filter>
    </ClCompile>
    <ClCompile Include="..\Classes\Based\LZCoin.cpp">
      <Filter>Class\Based</Filter>
    </ClCompile>
    <ClCompile Include="..\Classes\Based\LZDialog.cpp">
      <Filter>Class\Based</Filter>
    </ClCompile>
    <ClCompile Include="..\Classes\Based\LZGameType.cpp">
      <Filter>Class\Based</Filter>
    </ClCompile>
    <ClCompile Include="..\Classes\Based\LZGlobalVariable.cpp">
      <Filter>Class\Based</Filter>
    </ClCompile>
    <ClCompile Include="..\Classes\Based\LZLevelData.cpp">
      <Filter>Class\Based</Filter>
    </ClCompile>
    <ClCompile Include="..\Classes\Based\LZMouseEventControl.cpp">
      <Filter>Class\Based</Filter>
    </ClCompile>
    <ClCompile Include="..\Classes\Based\LZPlayMusic.cpp">
      <Filter>Class\Based</Filter>
    </ClCompile>
    <ClCompile Include="..\Classes\Based\LZUserData.cpp">
      <Filter>Class\Based</Filter>
    </ClCompile>
    <ClCompile Include="..\Classes\Based\LZUserInformation.cpp">
      <Filter>Class\Based</Filter>
    </ClCompile>
    <ClCompile Include="..\Classes\Based\LZUserWinRequirement.cpp">
      <Filter>Class\Based</Filter>
    </ClCompile>
    <ClCompile Include="..\Classes\Based\LZVideoPlayer.cpp">
      <Filter>Class\Based</Filter>
    </ClCompile>
    <ClCompile Include="..\Classes\Plants\LZPlants.cpp">
      <Filter>Class\Plants</Filter>
    </ClCompile>
    <ClCompile Include="..\Classes\Plants\BattlePlants\LZBattlePlants.cpp">
      <Filter>Class\Plants\BattlePlants</Filter>
    </ClCompile>
    <ClCompile Include="..\Classes\Plants\BattlePlants\LZCherryBomb.cpp">
      <Filter>Class\Plants\BattlePlants</Filter>
    </ClCompile>
    <ClCompile Include="..\Classes\Plants\BattlePlants\LZChomper.cpp">
      <Filter>Class\Plants\BattlePlants</Filter>
    </ClCompile>
    <ClCompile Include="..\Classes\Plants\BattlePlants\LZGloomShroom.cpp">
      <Filter>Class\Plants\BattlePlants</Filter>
    </ClCompile>
    <ClCompile Include="..\Classes\Plants\BattlePlants\LZIceBergLettuce.cpp">
      <Filter>Class\Plants\BattlePlants</Filter>
    </ClCompile>
    <ClCompile Include="..\Classes\Plants\BattlePlants\LZJalapeno.cpp">
      <Filter>Class\Plants\BattlePlants</Filter>
    </ClCompile>
    <ClCompile Include="..\Classes\Plants\BattlePlants\LZJalapenoVariation.cpp">
      <Filter>Class\Plants\BattlePlants</Filter>
    </ClCompile>
    <ClCompile Include="..\Classes\Plants\BattlePlants\LZPotatoMine.cpp">
      <Filter>Class\Plants\BattlePlants</Filter>
    </ClCompile>
    <ClCompile Include="..\Classes\Plants\BattlePlants\LZSpikeweed.cpp">
      <Filter>Class\Plants\BattlePlants</Filter>
    </ClCompile>
    <ClCompile Include="..\Classes\Plants\DefensePlants\LZGarlic.cpp">
      <Filter>Class\Plants\DefensePlants</Filter>
    </ClCompile>
    <ClCompile Include="..\Classes\Plants\DefensePlants\LZSunFlower.cpp">
      <Filter>Class\Plants\DefensePlants</Filter>
    </ClCompile>
    <ClCompile Include="..\Classes\Plants\DefensePlants\LZSunFlowerTwin.cpp">
      <Filter>Class\Plants\DefensePlants</Filter>
    </ClCompile>
    <ClCompile Include="..\Classes\Plants\DefensePlants\LZTorchwood.cpp">
      <Filter>Class\Plants\DefensePlants</Filter>
    </ClCompile>
    <ClCompile Include="..\Classes\Plants\DefensePlants\LZWallNut.cpp">
      <Filter>Class\Plants\DefensePlants</Filter>
    </ClCompile>
    <ClCompile Include="..\Classes\Plants\EmissionPlants\Bullet\LZAcidLemonBullet.cpp">
      <Filter>Class\Plants\EmissionPlants\Bullet</Filter>
    </ClCompile>
    <ClCompile Include="..\Classes\Plants\EmissionPlants\Bullet\LZBullet.cpp">
      <Filter>Class\Plants\EmissionPlants\Bullet</Filter>
    </ClCompile>
    <ClCompile Include="..\Classes\Plants\EmissionPlants\Bullet\LZCabbage.cpp">
      <Filter>Class\Plants\EmissionPlants\Bullet</Filter>
    </ClCompile>
    <ClCompile Include="..\Classes\Plants\EmissionPlants\Bullet\LZCatTailBullet.cpp">
      <Filter>Class\Plants\EmissionPlants\Bullet</Filter>
    </ClCompile>
    <ClCompile Include="..\Classes\Plants\EmissionPlants\Bullet\LZCitronBullet.cpp">
      <Filter>Class\Plants\EmissionPlants\Bullet</Filter>
    </ClCompile>
    <ClCompile Include="..\Classes\Plants\EmissionPlants\Bullet\LZFirePea.cpp">
      <Filter>Class\Plants\EmissionPlants\Bullet</Filter>
    </ClCompile>
    <ClCompile Include="..\Classes\Plants\EmissionPlants\Bullet\LZIcePea.cpp">
      <Filter>Class\Plants\EmissionPlants\Bullet</Filter>
    </ClCompile>
    <ClCompile Include="..\Classes\Plants\EmissionPlants\Bullet\LZPea.cpp">
      <Filter>Class\Plants\EmissionPlants\Bullet</Filter>
    </ClCompile>
    <ClCompile Include="..\Classes\Plants\EmissionPlants\Bullet\LZStarFruitBullet.cpp">
      <Filter>Class\Plants\EmissionPlants\Bullet</Filter>
    </ClCompile>
    <ClCompile Include="..\Classes\Plants\EmissionPlants\Bullet\LZWaterMelonBullet.cpp">
      <Filter>Class\Plants\EmissionPlants\Bullet</Filter>
    </ClCompile>
    <ClCompile Include="..\Classes\Plants\EmissionPlants\Bullet\LZWinterMelonBullet.cpp">
      <Filter>Class\Plants\EmissionPlants\Bullet</Filter>
    </ClCompile>
    <ClCompile Include="..\Classes\Plants\EmissionPlants\LZAcidLemon.cpp">
      <Filter>Class\Plants\EmissionPlants</Filter>
    </ClCompile>
    <ClCompile Include="..\Classes\Plants\EmissionPlants\LZCabbagePult.cpp">
      <Filter>Class\Plants\EmissionPlants</Filter>
    </ClCompile>
    <ClCompile Include="..\Classes\Plants\EmissionPlants\LZCatTail.cpp">
      <Filter>Class\Plants\EmissionPlants</Filter>
    </ClCompile>
    <ClCompile Include="..\Classes\Plants\EmissionPlants\LZCitron.cpp">
      <Filter>Class\Plants\EmissionPlants</Filter>
    </ClCompile>
    <ClCompile Include="..\Classes\Plants\EmissionPlants\LZEmissionPlants.cpp">
      <Filter>Class\Plants\EmissionPlants</Filter>
    </ClCompile>
    <ClCompile Include="..\Classes\Plants\EmissionPlants\LZFirePeaShooter.cpp">
      <Filter>Class\Plants\EmissionPlants</Filter>
    </ClCompile>
    <ClCompile Include="..\Classes\Plants\EmissionPlants\LZIcePeaShooter.cpp">
      <Filter>Class\Plants\EmissionPlants</Filter>
    </ClCompile>
    <ClCompile Include="..\Classes\Plants\EmissionPlants\LZPeaShooter.cpp">
      <Filter>Class\Plants\EmissionPlants</Filter>
    </ClCompile>
    <ClCompile Include="..\Classes\Plants\EmissionPlants\LZStarFruit.cpp">
      <Filter>Class\Plants\EmissionPlants</Filter>
    </ClCompile>
    <ClCompile Include="..\Classes\Plants\EmissionPlants\LZThreePeaShooter.cpp">
      <Filter>Class\Plants\EmissionPlants</Filter>
    </ClCompile>
    <ClCompile Include="..\Classes\Plants\EmissionPlants\LZWaterMelonPult.cpp">
      <Filter>Class\Plants\EmissionPlants</Filter>
    </ClCompile>
    <ClCompile Include="..\Classes\Plants\EmissionPlants\LZWinterMelonPult.cpp">
      <Filter>Class\Plants\EmissionPlants</Filter>
    </ClCompile>
    <ClCompile Include="..\Classes\Scenes\EasterEggsScene\LZGameEasterEggs.cpp">
      <Filter>Class\Scenes\EasterEggsScene</Filter>
    </ClCompile>
    <ClCompile Include="..\Classes\Scenes\HelpScene\LZHelpScene.cpp">
      <Filter>Class\Scenes\HelpScene</Filter>
    </ClCompile>
    <ClCompile Include="..\Classes\Scenes\LoadingScene\LZLoadingScene.cpp">
      <Filter>Class\Scenes\LoadingScene</Filter>
    </ClCompile>
    <ClCompile Include="..\Classes\Scenes\LoadingScene\LZSelectLanguageLayer.cpp">
      <Filter>Class\Scenes\LoadingScene</Filter>
    </ClCompile>
    <ClCompile Include="..\Classes\Scenes\MainMenuScene\LZInputDataScene.cpp">
      <Filter>Class\Scenes\MainMenuScene</Filter>
    </ClCompile>
    <ClCompile Include="..\Classes\Scenes\MainMenuScene\LZMainMenu.cpp">
      <Filter>Class\Scenes\MainMenuScene</Filter>
    </ClCompile>
    <ClCompile Include="..\Classes\Scenes\MainMenuScene\LZOptionsSence.cpp">
      <Filter>Class\Scenes\MainMenuScene</Filter>
    </ClCompile>
    <ClCompile Include="..\Classes\Scenes\MainMenuScene\LZQuitScene.cpp">
      <Filter>Class\Scenes\MainMenuScene</Filter>
    </ClCompile>
    <ClCompile Include="..\Classes\Scenes\MainMenuScene\LZUpdateClient.cpp">
      <Filter>Class\Scenes\MainMenuScene</Filter>
    </ClCompile>
    <ClCompile Include="..\Classes\Zombies\LZBucketDoorFlagZombies.cpp">
      <Filter>Class\Zombies</Filter>
    </ClCompile>
    <ClCompile Include="..\Classes\Zombies\LZBucketDoorZombies.cpp">
      <Filter>Class\Zombies</Filter>
    </ClCompile>
    <ClCompile Include="..\Classes\Zombies\LZBucketFlagZombies.cpp">
      <Filter>Class\Zombies</Filter>
    </ClCompile>
    <ClCompile Include="..\Classes\Zombies\LZBucketZombies.cpp">
      <Filter>Class\Zombies</Filter>
    </ClCompile>
    <ClCompile Include="..\Classes\Zombies\LZCommonDoorFlagZombies.cpp">
      <Filter>Class\Zombies</Filter>
    </ClCompile>
    <ClCompile Include="..\Classes\Zombies\LZCommonDoorZombies.cpp">
      <Filter>Class\Zombies</Filter>
    </ClCompile>
    <ClCompile Include="..\Classes\Zombies\LZCommonFlagZombies.cpp">
      <Filter>Class\Zombies</Filter>
    </ClCompile>
    <ClCompile Include="..\Classes\Zombies\LZCommonZombies.cpp">
      <Filter>Class\Zombies</Filter>
    </ClCompile>
    <ClCompile Include="..\Classes\Zombies\LZConeDoorFlagZombies.cpp">
      <Filter>Class\Zombies</Filter>
    </ClCompile>
    <ClCompile Include="..\Classes\Zombies\LZConeDoorZombies.cpp">
      <Filter>Class\Zombies</Filter>
    </ClCompile>
    <ClCompile Include="..\Classes\Zombies\LZConeFlagZombies.cpp">
      <Filter>Class\Zombies</Filter>
    </ClCompile>
    <ClCompile Include="..\Classes\Zombies\LZConeZombies.cpp">
      <Filter>Class\Zombies</Filter>
    </ClCompile>
    <ClCompile Include="..\Classes\Zombies\LZLmpZombies.cpp">
      <Filter>Class\Zombies</Filter>
    </ClCompile>
    <ClCompile Include="..\Classes\Zombies\LZSnowZombies.cpp">
      <Filter>Class\Zombies</Filter>
    </ClCompile>
    <ClCompile Include="..\Classes\Zombies\LZZombies.cpp">
      <Filter>Class\Zombies</Filter>
    </ClCompile>
    <ClCompile Include="..\Classes\Scenes\GameScenes\Adventure\WorldScene\LZModernWorld.cpp">
      <Filter>Class\Scenes\GameScenes\Adventure\WorldScene</Filter>
    </ClCompile>
    <ClCompile Include="..\Classes\Scenes\GameScenes\BigMap\WorldScene\LZBigMapWorld.cpp">
      <Filter>Class\Scenes\GameScenes\BigMap\WorldScene</Filter>
    </ClCompile>
    <ClCompile Include="..\Classes\Scenes\GameScenes\HammerZombies\GameScene\LZHammerZombiesScene.cpp">
      <Filter>Class\Scenes\GameScenes\HammerZombies\GameScene</Filter>
    </ClCompile>
    <ClCompile Include="..\Classes\Scenes\GameScenes\BigMap\SelectPlantsScene\LZBMSPSBackgroundLayer.cpp">
      <Filter>Class\Scenes\GameScenes\BigMap\SelectPlantsScene</Filter>
    </ClCompile>
    <ClCompile Include="..\Classes\Scenes\GameScenes\BigMap\SelectPlantsScene\LZBMSelectPlantsScene.cpp">
      <Filter>Class\Scenes\GameScenes\BigMap\SelectPlantsScene</Filter>
    </ClCompile>
    <ClCompile Include="..\Classes\Scenes\GameScenes\BigMap\GameScene\LZBMGSPauseQuitLayer.cpp">
      <Filter>Class\Scenes\GameScenes\BigMap\GameScene</Filter>
    </ClCompile>
    <ClCompile Include="..\Classes\Scenes\GameScenes\BigMap\GameScene\LZBMGSOpenCaveGameScene.cpp">
      <Filter>Class\Scenes\GameScenes\BigMap\GameScene</Filter>
    </ClCompile>
    <ClCompile Include="..\Classes\Scenes\GameScenes\BigMap\GameScene\LZBMGSInformationLayer.cpp">
      <Filter>Class\Scenes\GameScenes\BigMap\GameScene</Filter>
    </ClCompile>
    <ClCompile Include="..\Classes\Scenes\GameScenes\BigMap\GameScene\LZBMGSControlLayer.cpp">
      <Filter>Class\Scenes\GameScenes\BigMap\GameScene</Filter>
    </ClCompile>
    <ClCompile Include="..\Classes\Scenes\GameScenes\BigMap\GameScene\LZBMGSButtonLayer.cpp">
      <Filter>Class\Scenes\GameScenes\BigMap\GameScene</Filter>
    </ClCompile>
    <ClCompile Include="..\Classes\Scenes\GameScenes\BigMap\GameScene\LZBigMapGameScene.cpp">
      <Filter>Class\Scenes\GameScenes\BigMap\GameScene</Filter>
    </ClCompile>
    <ClCompile Include="..\Classes\Scenes\GameScenes\BigMap\GameScene\LZBMGSBackgroundLayer.cpp">
      <Filter>Class\Scenes\GameScenes\BigMap\GameScene</Filter>
    </ClCompile>
    <ClCompile Include="..\Classes\Scenes\GameScenes\BigMap\GameScene\LZBMGSAnimationLayer.cpp">
      <Filter>Class\Scenes\GameScenes\BigMap\GameScene</Filter>
    </ClCompile>
    <ClCompile Include="..\Classes\Scenes\GameScenes\Adventure\GameScene\LZAGSButtonLayer.cpp">
      <Filter>Class\Scenes\GameScenes\Adventure\GameScene</Filter>
    </ClCompile>
    <ClCompile Include="..\Classes\Scenes\GameScenes\Adventure\GameScene\LZAGSControlLayer.cpp">
      <Filter>Class\Scenes\GameScenes\Adventure\GameScene</Filter>
    </ClCompile>
    <ClCompile Include="..\Classes\Scenes\GameScenes\Adventure\GameScene\LZAGSData.cpp">
      <Filter>Class\Scenes\GameScenes\Adventure\GameScene</Filter>
    </ClCompile>
    <ClCompile Include="..\Classes\Scenes\GameScenes\Adventure\GameScene\LZAGSGameEndLayer.cpp">
      <Filter>Class\Scenes\GameScenes\Adventure\GameScene</Filter>
    </ClCompile>
    <ClCompile Include="..\Classes\Scenes\GameScenes\Adventure\GameScene\LZAGSGameResultJudgement.cpp">
      <Filter>Class\Scenes\GameScenes\Adventure\GameScene</Filter>
    </ClCompile>
    <ClCompile Include="..\Classes\Scenes\GameScenes\Adventure\GameScene\LZAGameScene.cpp">
      <Filter>Class\Scenes\GameScenes\Adventure\GameScene</Filter>
    </ClCompile>
    <ClCompile Include="..\Classes\Scenes\GameScenes\Adventure\GameScene\LZAGSGameTimerLayer.cpp">
      <Filter>Class\Scenes\GameScenes\Adventure\GameScene</Filter>
    </ClCompile>
    <ClCompile Include="..\Classes\Scenes\GameScenes\Adventure\GameScene\LZAGSBackgroundLayer.cpp">
      <Filter>Class\Scenes\GameScenes\Adventure\GameScene</Filter>
    </ClCompile>
    <ClCompile Include="..\Classes\Scenes\GameScenes\Adventure\GameScene\LZAGSInformationLayer.cpp">
      <Filter>Class\Scenes\GameScenes\Adventure\GameScene</Filter>
    </ClCompile>
    <ClCompile Include="..\Classes\Scenes\GameScenes\Adventure\GameScene\LZAGSMirrorGameScene.cpp">
      <Filter>Class\Scenes\GameScenes\Adventure\GameScene</Filter>
    </ClCompile>
    <ClCompile Include="..\Classes\Scenes\GameScenes\Adventure\GameScene\LZAGSOpenCaveGameScene.cpp">
      <Filter>Class\Scenes\GameScenes\Adventure\GameScene</Filter>
    </ClCompile>
    <ClCompile Include="..\Classes\Scenes\GameScenes\Adventure\GameScene\LZAGSPauseLayer.cpp">
      <Filter>Class\Scenes\GameScenes\Adventure\GameScene</Filter>
    </ClCompile>
    <ClCompile Include="..\Classes\Scenes\GameScenes\Adventure\GameScene\LZAGSPauseQuitLayer.cpp">
      <Filter>Class\Scenes\GameScenes\Adventure\GameScene</Filter>
    </ClCompile>
    <ClCompile Include="..\Classes\Scenes\GameScenes\Adventure\GameScene\LZAGSRequirementLayer.cpp">
      <Filter>Class\Scenes\GameScenes\Adventure\GameScene</Filter>
    </ClCompile>
    <ClCompile Include="..\Classes\Scenes\GameScenes\Adventure\GameScene\LZAGSZombiesAppearControl.cpp">
      <Filter>Class\Scenes\GameScenes\Adventure\GameScene</Filter>
    </ClCompile>
    <ClCompile Include="..\Classes\Scenes\GameScenes\Adventure\SelectPlantsScene\LZASPSBackgroundLayer.cpp">
      <Filter>Class\Scenes\GameScenes\Adventure\SelectPlantsScene</Filter>
    </ClCompile>
    <ClCompile Include="..\Classes\Scenes\GameScenes\Adventure\SelectPlantsScene\LZASPSControlLayer.cpp">
      <Filter>Class\Scenes\GameScenes\Adventure\SelectPlantsScene</Filter>
    </ClCompile>
    <ClCompile Include="..\Classes\Scenes\GameScenes\Adventure\SelectPlantsScene\LZASPSJumpLevelLayer.cpp">
      <Filter>Class\Scenes\GameScenes\Adventure\SelectPlantsScene</Filter>
    </ClCompile>
    <ClCompile Include="..\Classes\Scenes\GameScenes\Adventure\SelectPlantsScene\LZASPSMirrorSelectPlantsScene.cpp">
      <Filter>Class\Scenes\GameScenes\Adventure\SelectPlantsScene</Filter>
    </ClCompile>
    <ClCompile Include="..\Classes\Scenes\GameScenes\Adventure\SelectPlantsScene\LZASPSPlantSCardUnlockLayer.cpp">
      <Filter>Class\Scenes\GameScenes\Adventure\SelectPlantsScene</Filter>
    </ClCompile>
    <ClCompile Include="..\Classes\Scenes\GameScenes\Adventure\SelectPlantsScene\LZASPSQuitLayer.cpp">
      <Filter>Class\Scenes\GameScenes\Adventure\SelectPlantsScene</Filter>
    </ClCompile>
    <ClCompile Include="..\Classes\Scenes\GameScenes\Adventure\SelectPlantsScene\LZASPSRequriementLayer.cpp">
      <Filter>Class\Scenes\GameScenes\Adventure\SelectPlantsScene</Filter>
    </ClCompile>
    <ClCompile Include="..\Classes\Scenes\GameScenes\Adventure\SelectPlantsScene\LZASelectPlantsScene.cpp">
      <Filter>Class\Scenes\GameScenes\Adventure\SelectPlantsScene</Filter>
    </ClCompile>
    <ClCompile Include="..\Classes\Scenes\GameScenes\Adventure\SelectPlantsScene\LZASPSSpriteLayer.cpp">
      <Filter>Class\Scenes\GameScenes\Adventure\SelectPlantsScene</Filter>
    </ClCompile>
    <ClCompile Include="..\Classes\Scenes\GameScenes\Adventure\GameScene\LZAGSAnimationLayer.cpp">
      <Filter>Class\Scenes\GameScenes\Adventure\GameScene</Filter>
    </ClCompile>
    <ClCompile Include="..\Classes\Scenes\SelectWorldScene\LZSelectWorldScene.cpp">
      <Filter>Class\Scenes\SelectWorldScene</Filter>
    </ClCompile>
    <ClCompile Include="..\Classes\Scenes\MainMenuScene\LZUnlockDialogLayer.cpp">
      <Filter>Class\Scenes\MainMenuScene</Filter>
    </ClCompile>
    <ClCompile Include="..\Classes\Scenes\SelectWorldScene\LZSWSUnlockDialogLayer.cpp">
      <Filter>Class\Scenes\SelectWorldScene</Filter>
    </ClCompile>
    <ClCompile Include="..\Classes\Scenes\GameScenes\TestingGround\SelectPlantsScene\LZTSelectPlantsScene.cpp">
      <Filter>Class\Scenes\GameScenes\TestingGround\SelectPlantsScene</Filter>
    </ClCompile>
    <ClCompile Include="..\Classes\Scenes\GameScenes\TestingGround\SelectPlantsScene\LZTSPSBackgroundLayer.cpp">
      <Filter>Class\Scenes\GameScenes\TestingGround\SelectPlantsScene</Filter>
    </ClCompile>
    <ClCompile Include="..\Classes\Scenes\GameScenes\TestingGround\SelectPlantsScene\LZTSPSControlLayer.cpp">
      <Filter>Class\Scenes\GameScenes\TestingGround\SelectPlantsScene</Filter>
    </ClCompile>
    <ClCompile Include="..\Classes\Scenes\GameScenes\TestingGround\SelectPlantsScene\LZTSPSQuitLayer.cpp">
      <Filter>Class\Scenes\GameScenes\TestingGround\SelectPlantsScene</Filter>
    </ClCompile>
    <ClCompile Include="..\Classes\Scenes\GameScenes\TestingGround\SelectPlantsScene\LZTSPSSpriteLayer.cpp">
      <Filter>Class\Scenes\GameScenes\TestingGround\SelectPlantsScene</Filter>
    </ClCompile>
    <ClCompile Include="..\Classes\Scenes\GameScenes\TestingGround\GameScene\LZTestingGroundScene.cpp">
      <Filter>Class\Scenes\GameScenes\TestingGround\GameScene</Filter>
    </ClCompile>
    <ClCompile Include="..\Classes\Scenes\GameScenes\TestingGround\GameScene\LZTGBackgoundLayer.cpp">
      <Filter>Class\Scenes\GameScenes\TestingGround\GameScene</Filter>
    </ClCompile>
    <ClCompile Include="..\Classes\Scenes\GameScenes\TestingGround\GameScene\LZTGControlLayer.cpp">
      <Filter>Class\Scenes\GameScenes\TestingGround\GameScene</Filter>
    </ClCompile>
    <ClCompile Include="..\Classes\Scenes\GameScenes\TestingGround\GameScene\LZTGAnimationLayer.cpp">
      <Filter>Class\Scenes\GameScenes\TestingGround\GameScene</Filter>
    </ClCompile>
    <ClCompile Include="..\Classes\Scenes\GameScenes\TestingGround\GameScene\LZTGInformationLayer.cpp">
      <Filter>Class\Scenes\GameScenes\TestingGround\GameScene</Filter>
    </ClCompile>
    <ClCompile Include="..\Classes\Scenes\GameScenes\TestingGround\GameScene\LZTGButtonLayer.cpp">
      <Filter>Class\Scenes\GameScenes\TestingGround\GameScene</Filter>
    </ClCompile>
    <ClCompile Include="..\Classes\Scenes\GameScenes\TestingGround\GameScene\LZTGPauseQuitLayer.cpp">
      <Filter>Class\Scenes\GameScenes\TestingGround\GameScene</Filter>
    </ClCompile>
    <ClCompile Include="..\Classes\Scenes\GameScenes\TestingGround\GameScene\LZTGGameOverLayer.cpp">
      <Filter>Class\Scenes\GameScenes\TestingGround\GameScene</Filter>
    </ClCompile>
    <ClCompile Include="..\Classes\Scenes\GameScenes\TestingGround\GameScene\LZTGGameTimerLayer.cpp">
      <Filter>Class\Scenes\GameScenes\TestingGround\GameScene</Filter>
    </ClCompile>
    <ClCompile Include="..\Classes\Scenes\GameScenes\TestingGround\SelectPlantsScene\LZTSPSRequirementLayer.cpp">
      <Filter>Class\Scenes\GameScenes\TestingGround\SelectPlantsScene</Filter>
    </ClCompile>
    <ClCompile Include="..\Classes\Based\LZGetMomentTime.cpp">
      <Filter>Class\Based</Filter>
    </ClCompile>
    <ClCompile Include="..\Classes\Zombies\LZBalloonZombies.cpp">
      <Filter>Class\Zombies</Filter>
    </ClCompile>
    <ClCompile Include="..\Classes\Zombies\LZNewspaperZombies.cpp">
      <Filter>Class\Zombies</Filter>
    </ClCompile>
    <ClCompile Include="..\Classes\Zombies\LZStrongNewspaperZombies.cpp">
      <Filter>Class\Zombies</Filter>
    </ClCompile>
    <ClCompile Include="..\Classes\Zombies\LZBrickZombies.cpp">
      <Filter>Class\Zombies</Filter>
    </ClCompile>
    <ClCompile Include="..\Classes\Zombies\LZBrickZombies2.cpp">
      <Filter>Class\Zombies</Filter>
    </ClCompile>
    <ClCompile Include="..\Classes\Zombies\LZBucketZombies2.cpp">
      <Filter>Class\Zombies</Filter>
    </ClCompile>
    <ClCompile Include="..\Classes\Zombies\LZBucketZombies3.cpp">
      <Filter>Class\Zombies</Filter>
    </ClCompile>
    <ClCompile Include="..\Classes\Zombies\LZBucketZombies5.cpp">
      <Filter>Class\Zombies</Filter>
    </ClCompile>
    <ClCompile Include="..\Classes\Zombies\LZBucketZombies6.cpp">
      <Filter>Class\Zombies</Filter>
    </ClCompile>
    <ClCompile Include="..\Classes\Zombies\LZBucketZombies4.cpp">
      <Filter>Class\Zombies</Filter>
    </ClCompile>
    <ClCompile Include="..\Classes\Zombies\LZConeZombies2.cpp">
      <Filter>Class\Zombies</Filter>
    </ClCompile>
    <ClCompile Include="..\Classes\Zombies\LZConeZombies3.cpp">
      <Filter>Class\Zombies</Filter>
    </ClCompile>
    <ClCompile Include="..\Classes\Zombies\LZConeZombies4.cpp">
      <Filter>Class\Zombies</Filter>
    </ClCompile>
    <ClCompile Include="..\Classes\Zombies\LZWoodZombies.cpp">
      <Filter>Class\Zombies</Filter>
    </ClCompile>
    <ClCompile Include="..\Classes\Zombies\LZWoodZombies2.cpp">
      <Filter>Class\Zombies</Filter>
    </ClCompile>
    <ClCompile Include="..\Classes\Zombies\LZWoodZombies3.cpp">
      <Filter>Class\Zombies</Filter>
    </ClCompile>
    <ClCompile Include="..\Classes\Zombies\LZBonesZombies2.cpp">
      <Filter>Class\Zombies</Filter>
    </ClCompile>
    <ClCompile Include="..\Classes\Zombies\LZDoorZombies.cpp">
      <Filter>Class\Zombies</Filter>
    </ClCompile>
    <ClCompile Include="..\Classes\Zombies\LZDoorZombies2.cpp">
      <Filter>Class\Zombies</Filter>
    </ClCompile>
    <ClCompile Include="..\Classes\Zombies\LZDoorZombies3.cpp">
      <Filter>Class\Zombies</Filter>
    </ClCompile>
    <ClCompile Include="..\Classes\Zombies\LZDoorZombies4.cpp">
      <Filter>Class\Zombies</Filter>
    </ClCompile>
    <ClCompile Include="..\Classes\Zombies\LZDoorZombies5.cpp">
      <Filter>Class\Zombies</Filter>
    </ClCompile>
    <ClCompile Include="..\Classes\Zombies\LZNewspaperBrickZombies.cpp">
      <Filter>Class\Zombies</Filter>
    </ClCompile>
    <ClCompile Include="..\Classes\Zombies\LZBucket4Door4Zombies.cpp">
      <Filter>Class\Zombies</Filter>
    </ClCompile>
    <ClCompile Include="..\Classes\Zombies\LZBonesZombies.cpp">
      <Filter>Class\Zombies</Filter>
    </ClCompile>
    <ClCompile Include="..\Classes\Zombies\LZBonesDoor5Zombies.cpp">
      <Filter>Class\Zombies</Filter>
    </ClCompile>
    <ClCompile Include="..\Classes\Zombies\LZBrick2Door3Zombies.cpp">
      <Filter>Class\Zombies</Filter>
    </ClCompile>
    <ClCompile Include="..\Classes\Zombies\LZBrickDoor5Zombies.cpp">
      <Filter>Class\Zombies</Filter>
    </ClCompile>
    <ClCompile Include="..\Classes\Based\LZLoadingAnimationLayer.cpp">
      <Filter>Class\Based</Filter>
    </ClCompile>
    <ClCompile Include="..\Classes\Plants\DefensePlants\LZPumpkin.cpp">
      <Filter>Class\Plants\DefensePlants</Filter>
    </ClCompile>
    <ClCompile Include="..\Classes\Plants\BattlePlants\LZBlover.cpp">
      <Filter>Class\Plants\BattlePlants</Filter>
    </ClCompile>
    <ClCompile Include="..\Classes\Plants\DefensePlants\LZMarigold.cpp">
      <Filter>Class\Plants\DefensePlants</Filter>
    </ClCompile>
    <ClCompile Include="..\Classes\Plants\DefensePlants\LZMagnetShroom.cpp">
      <Filter>Class\Plants\DefensePlants</Filter>
    </ClCompile>
    <ClCompile Include="..\Classes\Scenes\GameScenes\Adventure\WorldScene\LZDonateLayer.cpp">
      <Filter>Class\Scenes\GameScenes\Adventure\WorldScene</Filter>
    </ClCompile>
    <ClCompile Include="..\Classes\Scenes\GameScenes\IZombies\GameScene\LZIZombiesScene.cpp">
      <Filter>Class\Scenes\GameScenes\IZombies\GameScene</Filter>
    </ClCompile>
    <ClCompile Include="..\Classes\Scenes\GameScenes\IZombies\GameScene\LZIBackGroundLayer.cpp">
      <Filter>Class\Scenes\GameScenes\IZombies\GameScene</Filter>
    </ClCompile>
    <ClCompile Include="..\Classes\Scenes\GameScenes\IZombies\GameScene\LZIInformationLayer.cpp">
      <Filter>Class\Scenes\GameScenes\IZombies\GameScene</Filter>
    </ClCompile>
    <ClCompile Include="..\Classes\Scenes\GameScenes\IZombies\GameScene\LZIButtonLayer.cpp">
      <Filter>Class\Scenes\GameScenes\IZombies\GameScene</Filter>
    </ClCompile>
    <ClCompile Include="..\Classes\Scenes\GameScenes\IZombies\GameScene\LZIPauseQuiteLayer.cpp">
      <Filter>Class\Scenes\GameScenes\IZombies\GameScene</Filter>
    </ClCompile>
    <ClCompile Include="..\Classes\Scenes\GameScenes\IZombies\GameScene\LZIAnimationLayer.cpp">
      <Filter>Class\Scenes\GameScenes\IZombies\GameScene</Filter>
    </ClCompile>
    <ClCompile Include="..\Classes\Scenes\GameScenes\IZombies\GameScene\LZIControlLayer.cpp">
      <Filter>Class\Scenes\GameScenes\IZombies\GameScene</Filter>
    </ClCompile>
    <ClCompile Include="..\Classes\Scenes\GameScenes\IZombies\GameScene\LZIGameEndLayer.cpp">
      <Filter>Class\Scenes\GameScenes\IZombies\GameScene</Filter>
    </ClCompile>
    <ClCompile Include="..\Classes\Scenes\GameScenes\IZombies\GameScene\LZIOpenCaveGameLayer.cpp">
      <Filter>Class\Scenes\GameScenes\IZombies\GameScene</Filter>
    </ClCompile>
    <ClCompile Include="..\Classes\Scenes\GameScenes\IZombies\GameScene\LZIGameTimerLayer.cpp">
      <Filter>Class\Scenes\GameScenes\IZombies\GameScene</Filter>
    </ClCompile>
    <ClCompile Include="..\Classes\Scenes\GameScenes\IZombies\GameScene\LZIZombiesData.cpp">
      <Filter>Class\Scenes\GameScenes\IZombies\GameScene</Filter>
    </ClCompile>
    <ClCompile Include="..\Classes\Plants\EmissionPlants\LZScaredyShroom.cpp">
      <Filter>Class\Plants\EmissionPlants</Filter>
    </ClCompile>
    <ClCompile Include="..\Classes\Plants\EmissionPlants\LZFumeShroom.cpp">
      <Filter>Class\Plants\EmissionPlants</Filter>
    </ClCompile>
    <ClCompile Include="..\Classes\Plants\BattlePlants\LZSquash.cpp">
      <Filter>Class\Plants\BattlePlants</Filter>
    </ClCompile>
    <ClCompile Include="..\Classes\Plants\DefensePlants\LZImitater.cpp">
      <Filter>Class\Plants\DefensePlants</Filter>
    </ClCompile>
    <ClCompile Include="..\Classes\Plants\EmissionPlants\Bullet\LZFumeShroomBullet.cpp">
      <Filter>Class\Plants\EmissionPlants\Bullet</Filter>
    </ClCompile>
    <ClCompile Include="..\Classes\Plants\EmissionPlants\Bullet\LZScaredyShroomBullet.cpp">
      <Filter>Class\Plants\EmissionPlants\Bullet</Filter>
    </ClCompile>
    <ClCompile Include="..\Classes\Scenes\GameScenes\IZombies\GameScene\LZITemporaryReplaceScene.cpp">
      <Filter>Class\Scenes\GameScenes\IZombies\GameScene</Filter>
    </ClCompile>
    <ClCompile Include="..\Classes\Scenes\GameScenes\IZombies\GameScene\LZIRequirementLayer.cpp">
      <Filter>Class\Scenes\GameScenes\IZombies\GameScene</Filter>
    </ClCompile>
    <ClCompile Include="..\Classes\Scenes\GameScenes\HammerZombies\GameScene\LZHContinueOrExitLayer.cpp">
      <Filter>Class\Scenes\GameScenes\HammerZombies\GameScene</Filter>
    </ClCompile>
    <ClCompile Include="..\Classes\Scenes\MainMenuScene\LZDetailedListLayer.cpp">
      <Filter>Class\Scenes\MainMenuScene</Filter>
    </ClCompile>
  </ItemGroup>
  <ItemGroup>
    <ClInclude Include="..\Classes\LZPlantsVsZombies.h">
      <Filter>Class</Filter>
    </ClInclude>
    <ClInclude Include="..\Classes\Zombies\LZGargantuarZombies.h">
      <Filter>Class\Zombies</Filter>
    </ClInclude>
    <ClInclude Include="..\Classes\Scenes\GameScenes\HammerZombies\GameScene\LZHAnimationLayer.h">
      <Filter>Class\Scenes\GameScenes\HammerZombies\GameScene</Filter>
    </ClInclude>
    <ClInclude Include="..\Classes\Scenes\GameScenes\HammerZombies\GameScene\LZHBackGroundLayer.h">
      <Filter>Class\Scenes\GameScenes\HammerZombies\GameScene</Filter>
    </ClInclude>
    <ClInclude Include="..\Classes\Scenes\GameScenes\HammerZombies\GameScene\LZHButtonLayer.h">
      <Filter>Class\Scenes\GameScenes\HammerZombies\GameScene</Filter>
    </ClInclude>
    <ClInclude Include="..\Classes\Scenes\GameScenes\HammerZombies\GameScene\LZHControlLayer.h">
      <Filter>Class\Scenes\GameScenes\HammerZombies\GameScene</Filter>
    </ClInclude>
    <ClInclude Include="..\Classes\Scenes\GameScenes\HammerZombies\GameScene\LZHGameEndLayer.h">
      <Filter>Class\Scenes\GameScenes\HammerZombies\GameScene</Filter>
    </ClInclude>
    <ClInclude Include="..\Classes\Scenes\GameScenes\HammerZombies\GameScene\LZHGameTimerLayer.h">
      <Filter>Class\Scenes\GameScenes\HammerZombies\GameScene</Filter>
    </ClInclude>
    <ClInclude Include="..\Classes\Scenes\GameScenes\HammerZombies\GameScene\LZHInformationLayer.h">
      <Filter>Class\Scenes\GameScenes\HammerZombies\GameScene</Filter>
    </ClInclude>
    <ClInclude Include="..\Classes\Scenes\GameScenes\HammerZombies\GameScene\LZHPauseQuiteLayer.h">
      <Filter>Class\Scenes\GameScenes\HammerZombies\GameScene</Filter>
    </ClInclude>
    <ClInclude Include="..\Classes\Scenes\GameScenes\Survival\GameScene\LZSSurvivalControlLayer.h">
      <Filter>Class\Scenes\GameScenes\Survival\GameScene</Filter>
    </ClInclude>
    <ClInclude Include="..\Classes\Scenes\GameScenes\Survival\GameScene\LZSSurvivalGameScene.h">
      <Filter>Class\Scenes\GameScenes\Survival\GameScene</Filter>
    </ClInclude>
    <ClInclude Include="..\Classes\Scenes\GameScenes\Survival\SelectPlantsScene\LZSSurvivalSelectScene.h">
      <Filter>Class\Scenes\GameScenes\Survival\SelectPlantsScene</Filter>
    </ClInclude>
    <ClInclude Include="..\Classes\Based\LZAppDelegate.h">
      <Filter>Class\Based</Filter>
    </ClInclude>
    <ClInclude Include="..\Classes\Based\LZCar.h">
      <Filter>Class\Based</Filter>
    </ClInclude>
    <ClInclude Include="..\Classes\Based\LZCoin.h">
      <Filter>Class\Based</Filter>
    </ClInclude>
    <ClInclude Include="..\Classes\Based\LZDialog.h">
      <Filter>Class\Based</Filter>
    </ClInclude>
    <ClInclude Include="..\Classes\Based\LZGlobalVariable.h">
      <Filter>Class\Based</Filter>
    </ClInclude>
    <ClInclude Include="..\Classes\Based\LZLevelData.h">
      <Filter>Class\Based</Filter>
    </ClInclude>
    <ClInclude Include="..\Classes\Based\LZLibpvz.h">
      <Filter>Class\Based</Filter>
    </ClInclude>
    <ClInclude Include="..\Classes\Based\LZMouseEventControl.h">
      <Filter>Class\Based</Filter>
    </ClInclude>
    <ClInclude Include="..\Classes\Based\LZPlayMusic.h">
      <Filter>Class\Based</Filter>
    </ClInclude>
    <ClInclude Include="..\Classes\Based\LZUserData.h">
      <Filter>Class\Based</Filter>
    </ClInclude>
    <ClInclude Include="..\Classes\Based\LZUserInformation.h">
      <Filter>Class\Based</Filter>
    </ClInclude>
    <ClInclude Include="..\Classes\Based\LZUserWinRequirement.h">
      <Filter>Class\Based</Filter>
    </ClInclude>
    <ClInclude Include="..\Classes\Based\LZVideoPlayer.h">
      <Filter>Class\Based</Filter>
    </ClInclude>
    <ClInclude Include="..\Classes\Plants\LZPlants-Files.h">
      <Filter>Class\Plants</Filter>
    </ClInclude>
    <ClInclude Include="..\Classes\Plants\LZPlants.h">
      <Filter>Class\Plants</Filter>
    </ClInclude>
    <ClInclude Include="..\Classes\Plants\BattlePlants\LZBattlePlants.h">
      <Filter>Class\Plants\BattlePlants</Filter>
    </ClInclude>
    <ClInclude Include="..\Classes\Plants\BattlePlants\LZCherryBomb.h">
      <Filter>Class\Plants\BattlePlants</Filter>
    </ClInclude>
    <ClInclude Include="..\Classes\Plants\BattlePlants\LZChomper.h">
      <Filter>Class\Plants\BattlePlants</Filter>
    </ClInclude>
    <ClInclude Include="..\Classes\Plants\BattlePlants\LZGloomShroom.h">
      <Filter>Class\Plants\BattlePlants</Filter>
    </ClInclude>
    <ClInclude Include="..\Classes\Plants\BattlePlants\LZIceBergLettuce.h">
      <Filter>Class\Plants\BattlePlants</Filter>
    </ClInclude>
    <ClInclude Include="..\Classes\Plants\BattlePlants\LZJalapeno.h">
      <Filter>Class\Plants\BattlePlants</Filter>
    </ClInclude>
    <ClInclude Include="..\Classes\Plants\BattlePlants\LZJalapenoVariation.h">
      <Filter>Class\Plants\BattlePlants</Filter>
    </ClInclude>
    <ClInclude Include="..\Classes\Plants\BattlePlants\LZPotatoMine.h">
      <Filter>Class\Plants\BattlePlants</Filter>
    </ClInclude>
    <ClInclude Include="..\Classes\Plants\BattlePlants\LZSpikeweed.h">
      <Filter>Class\Plants\BattlePlants</Filter>
    </ClInclude>
    <ClInclude Include="..\Classes\Plants\DefensePlants\LZGarlic.h">
      <Filter>Class\Plants\DefensePlants</Filter>
    </ClInclude>
    <ClInclude Include="..\Classes\Plants\DefensePlants\LZSunFlower.h">
      <Filter>Class\Plants\DefensePlants</Filter>
    </ClInclude>
    <ClInclude Include="..\Classes\Plants\DefensePlants\LZSunFlowerTwin.h">
      <Filter>Class\Plants\DefensePlants</Filter>
    </ClInclude>
    <ClInclude Include="..\Classes\Plants\DefensePlants\LZTorchwood.h">
      <Filter>Class\Plants\DefensePlants</Filter>
    </ClInclude>
    <ClInclude Include="..\Classes\Plants\DefensePlants\LZWallNut.h">
      <Filter>Class\Plants\DefensePlants</Filter>
    </ClInclude>
    <ClInclude Include="..\Classes\Plants\EmissionPlants\Bullet\LZAcidLemonBullet.h">
      <Filter>Class\Plants\EmissionPlants\Bullet</Filter>
    </ClInclude>
    <ClInclude Include="..\Classes\Plants\EmissionPlants\Bullet\LZBullet.h">
      <Filter>Class\Plants\EmissionPlants\Bullet</Filter>
    </ClInclude>
    <ClInclude Include="..\Classes\Plants\EmissionPlants\Bullet\LZBullet-File.h">
      <Filter>Class\Plants\EmissionPlants\Bullet</Filter>
    </ClInclude>
    <ClInclude Include="..\Classes\Plants\EmissionPlants\Bullet\LZCabbage.h">
      <Filter>Class\Plants\EmissionPlants\Bullet</Filter>
    </ClInclude>
    <ClInclude Include="..\Classes\Plants\EmissionPlants\Bullet\LZCatTailBullet.h">
      <Filter>Class\Plants\EmissionPlants\Bullet</Filter>
    </ClInclude>
    <ClInclude Include="..\Classes\Plants\EmissionPlants\Bullet\LZCitronBullet.h">
      <Filter>Class\Plants\EmissionPlants\Bullet</Filter>
    </ClInclude>
    <ClInclude Include="..\Classes\Plants\EmissionPlants\Bullet\LZFirePea.h">
      <Filter>Class\Plants\EmissionPlants\Bullet</Filter>
    </ClInclude>
    <ClInclude Include="..\Classes\Plants\EmissionPlants\Bullet\LZIcePea.h">
      <Filter>Class\Plants\EmissionPlants\Bullet</Filter>
    </ClInclude>
    <ClInclude Include="..\Classes\Plants\EmissionPlants\Bullet\LZPea.h">
      <Filter>Class\Plants\EmissionPlants\Bullet</Filter>
    </ClInclude>
    <ClInclude Include="..\Classes\Plants\EmissionPlants\Bullet\LZStarFruitBullet.h">
      <Filter>Class\Plants\EmissionPlants\Bullet</Filter>
    </ClInclude>
    <ClInclude Include="..\Classes\Plants\EmissionPlants\Bullet\LZWaterMelonBullet.h">
      <Filter>Class\Plants\EmissionPlants\Bullet</Filter>
    </ClInclude>
    <ClInclude Include="..\Classes\Plants\EmissionPlants\Bullet\LZWinterMelonBullet.h">
      <Filter>Class\Plants\EmissionPlants\Bullet</Filter>
    </ClInclude>
    <ClInclude Include="..\Classes\Plants\EmissionPlants\LZAcidLemon.h">
      <Filter>Class\Plants\EmissionPlants</Filter>
    </ClInclude>
    <ClInclude Include="..\Classes\Plants\EmissionPlants\LZCabbagePult.h">
      <Filter>Class\Plants\EmissionPlants</Filter>
    </ClInclude>
    <ClInclude Include="..\Classes\Plants\EmissionPlants\LZCatTail.h">
      <Filter>Class\Plants\EmissionPlants</Filter>
    </ClInclude>
    <ClInclude Include="..\Classes\Plants\EmissionPlants\LZCitron.h">
      <Filter>Class\Plants\EmissionPlants</Filter>
    </ClInclude>
    <ClInclude Include="..\Classes\Plants\EmissionPlants\LZEmissionPlants.h">
      <Filter>Class\Plants\EmissionPlants</Filter>
    </ClInclude>
    <ClInclude Include="..\Classes\Plants\EmissionPlants\LZFirePeaShooter.h">
      <Filter>Class\Plants\EmissionPlants</Filter>
    </ClInclude>
    <ClInclude Include="..\Classes\Plants\EmissionPlants\LZIcePeaShooter.h">
      <Filter>Class\Plants\EmissionPlants</Filter>
    </ClInclude>
    <ClInclude Include="..\Classes\Plants\EmissionPlants\LZPeaShooter.h">
      <Filter>Class\Plants\EmissionPlants</Filter>
    </ClInclude>
    <ClInclude Include="..\Classes\Plants\EmissionPlants\LZStarFruit.h">
      <Filter>Class\Plants\EmissionPlants</Filter>
    </ClInclude>
    <ClInclude Include="..\Classes\Plants\EmissionPlants\LZThreePeaShooter.h">
      <Filter>Class\Plants\EmissionPlants</Filter>
    </ClInclude>
    <ClInclude Include="..\Classes\Plants\EmissionPlants\LZWaterMelonPult.h">
      <Filter>Class\Plants\EmissionPlants</Filter>
    </ClInclude>
    <ClInclude Include="..\Classes\Plants\EmissionPlants\LZWinterMelonPult.h">
      <Filter>Class\Plants\EmissionPlants</Filter>
    </ClInclude>
    <ClInclude Include="..\Classes\Scenes\EasterEggsScene\LZGameEasterEggs.h">
      <Filter>Class\Scenes\EasterEggsScene</Filter>
    </ClInclude>
    <ClInclude Include="..\Classes\Scenes\HelpScene\LZHelpScene.h">
      <Filter>Class\Scenes\HelpScene</Filter>
    </ClInclude>
    <ClInclude Include="..\Classes\Scenes\LoadingScene\LZLoadingScene.h">
      <Filter>Class\Scenes\LoadingScene</Filter>
    </ClInclude>
    <ClInclude Include="..\Classes\Scenes\LoadingScene\LZSelectLanguageLayer.h">
      <Filter>Class\Scenes\LoadingScene</Filter>
    </ClInclude>
    <ClInclude Include="..\Classes\Scenes\MainMenuScene\LZInputDataScene.h">
      <Filter>Class\Scenes\MainMenuScene</Filter>
    </ClInclude>
    <ClInclude Include="..\Classes\Scenes\MainMenuScene\LZMainMenu.h">
      <Filter>Class\Scenes\MainMenuScene</Filter>
    </ClInclude>
    <ClInclude Include="..\Classes\Scenes\MainMenuScene\LZOptionsSence.h">
      <Filter>Class\Scenes\MainMenuScene</Filter>
    </ClInclude>
    <ClInclude Include="..\Classes\Scenes\MainMenuScene\LZQuitScene.h">
      <Filter>Class\Scenes\MainMenuScene</Filter>
    </ClInclude>
    <ClInclude Include="..\Classes\Scenes\MainMenuScene\LZUpdateClient.h">
      <Filter>Class\Scenes\MainMenuScene</Filter>
    </ClInclude>
    <ClInclude Include="..\Classes\Zombies\LZBucketDoorFlagZombies.h">
      <Filter>Class\Zombies</Filter>
    </ClInclude>
    <ClInclude Include="..\Classes\Zombies\LZBucketDoorZombies.h">
      <Filter>Class\Zombies</Filter>
    </ClInclude>
    <ClInclude Include="..\Classes\Zombies\LZBucketFlagZombies.h">
      <Filter>Class\Zombies</Filter>
    </ClInclude>
    <ClInclude Include="..\Classes\Zombies\LZBucketZombies.h">
      <Filter>Class\Zombies</Filter>
    </ClInclude>
    <ClInclude Include="..\Classes\Zombies\LZCommonDoorFlagZombies.h">
      <Filter>Class\Zombies</Filter>
    </ClInclude>
    <ClInclude Include="..\Classes\Zombies\LZCommonDoorZombies.h">
      <Filter>Class\Zombies</Filter>
    </ClInclude>
    <ClInclude Include="..\Classes\Zombies\LZCommonFlagZombies.h">
      <Filter>Class\Zombies</Filter>
    </ClInclude>
    <ClInclude Include="..\Classes\Zombies\LZCommonZombies.h">
      <Filter>Class\Zombies</Filter>
    </ClInclude>
    <ClInclude Include="..\Classes\Zombies\LZConeDoorFlagZombies.h">
      <Filter>Class\Zombies</Filter>
    </ClInclude>
    <ClInclude Include="..\Classes\Zombies\LZConeDoorZombies.h">
      <Filter>Class\Zombies</Filter>
    </ClInclude>
    <ClInclude Include="..\Classes\Zombies\LZConeFlagZombies.h">
      <Filter>Class\Zombies</Filter>
    </ClInclude>
    <ClInclude Include="..\Classes\Zombies\LZConeZombies.h">
      <Filter>Class\Zombies</Filter>
    </ClInclude>
    <ClInclude Include="..\Classes\Zombies\LZLmpZombies.h">
      <Filter>Class\Zombies</Filter>
    </ClInclude>
    <ClInclude Include="..\Classes\Zombies\LZSnowZombies.h">
      <Filter>Class\Zombies</Filter>
    </ClInclude>
    <ClInclude Include="..\Classes\Zombies\LZZombies.h">
      <Filter>Class\Zombies</Filter>
    </ClInclude>
    <ClInclude Include="..\Classes\Zombies\LZZombies-Files.h">
      <Filter>Class\Zombies</Filter>
    </ClInclude>
    <ClInclude Include="..\Classes\Based\LZGameType.h">
      <Filter>Class\Based</Filter>
    </ClInclude>
    <ClInclude Include="..\Classes\Scenes\GameScenes\Adventure\WorldScene\LZModernWorld.h">
      <Filter>Class\Scenes\GameScenes\Adventure\WorldScene</Filter>
    </ClInclude>
    <ClInclude Include="..\Classes\Scenes\GameScenes\BigMap\WorldScene\LZBigMapWorld.h">
      <Filter>Class\Scenes\GameScenes\BigMap\WorldScene</Filter>
    </ClInclude>
    <ClInclude Include="..\Classes\Scenes\GameScenes\HammerZombies\GameScene\LZHammerZombiesScene.h">
      <Filter>Class\Scenes\GameScenes\HammerZombies\GameScene</Filter>
    </ClInclude>
    <ClInclude Include="..\Classes\Scenes\GameScenes\BigMap\SelectPlantsScene\LZBMSPSBackgroundLayer.h">
      <Filter>Class\Scenes\GameScenes\BigMap\SelectPlantsScene</Filter>
    </ClInclude>
    <ClInclude Include="..\Classes\Scenes\GameScenes\BigMap\SelectPlantsScene\LZBMSelectPlantsScene.h">
      <Filter>Class\Scenes\GameScenes\BigMap\SelectPlantsScene</Filter>
    </ClInclude>
    <ClInclude Include="..\Classes\Scenes\GameScenes\BigMap\GameScene\LZBMGSPauseQuitLayer.h">
      <Filter>Class\Scenes\GameScenes\BigMap\GameScene</Filter>
    </ClInclude>
    <ClInclude Include="..\Classes\Scenes\GameScenes\BigMap\GameScene\LZBMGSOpenCaveGameScene.h">
      <Filter>Class\Scenes\GameScenes\BigMap\GameScene</Filter>
    </ClInclude>
    <ClInclude Include="..\Classes\Scenes\GameScenes\BigMap\GameScene\LZBMGSInformationLayer.h">
      <Filter>Class\Scenes\GameScenes\BigMap\GameScene</Filter>
    </ClInclude>
    <ClInclude Include="..\Classes\Scenes\GameScenes\BigMap\GameScene\LZBMGSControlLayer.h">
      <Filter>Class\Scenes\GameScenes\BigMap\GameScene</Filter>
    </ClInclude>
    <ClInclude Include="..\Classes\Scenes\GameScenes\BigMap\GameScene\LZBMGSButtonLayer.h">
      <Filter>Class\Scenes\GameScenes\BigMap\GameScene</Filter>
    </ClInclude>
    <ClInclude Include="..\Classes\Scenes\GameScenes\BigMap\GameScene\LZBigMapGameScene.h">
      <Filter>Class\Scenes\GameScenes\BigMap\GameScene</Filter>
    </ClInclude>
    <ClInclude Include="..\Classes\Scenes\GameScenes\BigMap\GameScene\LZBMGSBackgroundLayer.h">
      <Filter>Class\Scenes\GameScenes\BigMap\GameScene</Filter>
    </ClInclude>
    <ClInclude Include="..\Classes\Scenes\GameScenes\BigMap\GameScene\LZBMGSAnimationLayer.h">
      <Filter>Class\Scenes\GameScenes\BigMap\GameScene</Filter>
    </ClInclude>
    <ClInclude Include="..\Classes\Scenes\GameScenes\Adventure\GameScene\LZAGSButtonLayer.h">
      <Filter>Class\Scenes\GameScenes\Adventure\GameScene</Filter>
    </ClInclude>
    <ClInclude Include="..\Classes\Scenes\GameScenes\Adventure\GameScene\LZAGSControlLayer.h">
      <Filter>Class\Scenes\GameScenes\Adventure\GameScene</Filter>
    </ClInclude>
    <ClInclude Include="..\Classes\Scenes\GameScenes\Adventure\GameScene\LZAGSData.h">
      <Filter>Class\Scenes\GameScenes\Adventure\GameScene</Filter>
    </ClInclude>
    <ClInclude Include="..\Classes\Scenes\GameScenes\Adventure\GameScene\LZAGSDefine.h">
      <Filter>Class\Scenes\GameScenes\Adventure\GameScene</Filter>
    </ClInclude>
    <ClInclude Include="..\Classes\Scenes\GameScenes\Adventure\GameScene\LZAGSGameEndLayer.h">
      <Filter>Class\Scenes\GameScenes\Adventure\GameScene</Filter>
    </ClInclude>
    <ClInclude Include="..\Classes\Scenes\GameScenes\Adventure\GameScene\LZAGSGameResultJudgement.h">
      <Filter>Class\Scenes\GameScenes\Adventure\GameScene</Filter>
    </ClInclude>
    <ClInclude Include="..\Classes\Scenes\GameScenes\Adventure\GameScene\LZAGameScene.h">
      <Filter>Class\Scenes\GameScenes\Adventure\GameScene</Filter>
    </ClInclude>
    <ClInclude Include="..\Classes\Scenes\GameScenes\Adventure\GameScene\LZAGSGameTimerLayer.h">
      <Filter>Class\Scenes\GameScenes\Adventure\GameScene</Filter>
    </ClInclude>
    <ClInclude Include="..\Classes\Scenes\GameScenes\Adventure\GameScene\LZAGSBackgroundLayer.h">
      <Filter>Class\Scenes\GameScenes\Adventure\GameScene</Filter>
    </ClInclude>
    <ClInclude Include="..\Classes\Scenes\GameScenes\Adventure\GameScene\LZAGSInformationLayer.h">
      <Filter>Class\Scenes\GameScenes\Adventure\GameScene</Filter>
    </ClInclude>
    <ClInclude Include="..\Classes\Scenes\GameScenes\Adventure\GameScene\LZAGSMirrorGameScene.h">
      <Filter>Class\Scenes\GameScenes\Adventure\GameScene</Filter>
    </ClInclude>
    <ClInclude Include="..\Classes\Scenes\GameScenes\Adventure\GameScene\LZAGSOpenCaveGameScene.h">
      <Filter>Class\Scenes\GameScenes\Adventure\GameScene</Filter>
    </ClInclude>
    <ClInclude Include="..\Classes\Scenes\GameScenes\Adventure\GameScene\LZAGSPauseLayer.h">
      <Filter>Class\Scenes\GameScenes\Adventure\GameScene</Filter>
    </ClInclude>
    <ClInclude Include="..\Classes\Scenes\GameScenes\Adventure\GameScene\LZAGSPauseQuitLayer.h">
      <Filter>Class\Scenes\GameScenes\Adventure\GameScene</Filter>
    </ClInclude>
    <ClInclude Include="..\Classes\Scenes\GameScenes\Adventure\GameScene\LZAGSRequirementLayer.h">
      <Filter>Class\Scenes\GameScenes\Adventure\GameScene</Filter>
    </ClInclude>
    <ClInclude Include="..\Classes\Scenes\GameScenes\Adventure\GameScene\LZAGSZombiesAppearControl.h">
      <Filter>Class\Scenes\GameScenes\Adventure\GameScene</Filter>
    </ClInclude>
    <ClInclude Include="..\Classes\Scenes\GameScenes\Adventure\SelectPlantsScene\LZASPSBackgroundLayer.h">
      <Filter>Class\Scenes\GameScenes\Adventure\SelectPlantsScene</Filter>
    </ClInclude>
    <ClInclude Include="..\Classes\Scenes\GameScenes\Adventure\SelectPlantsScene\LZASPSControlLayer.h">
      <Filter>Class\Scenes\GameScenes\Adventure\SelectPlantsScene</Filter>
    </ClInclude>
    <ClInclude Include="..\Classes\Scenes\GameScenes\Adventure\SelectPlantsScene\LZASPSJumpLevelLayer.h">
      <Filter>Class\Scenes\GameScenes\Adventure\SelectPlantsScene</Filter>
    </ClInclude>
    <ClInclude Include="..\Classes\Scenes\GameScenes\Adventure\SelectPlantsScene\LZASPSMirrorSelectPlantsScene.h">
      <Filter>Class\Scenes\GameScenes\Adventure\SelectPlantsScene</Filter>
    </ClInclude>
    <ClInclude Include="..\Classes\Scenes\GameScenes\Adventure\SelectPlantsScene\LZASPSQuitLayer.h">
      <Filter>Class\Scenes\GameScenes\Adventure\SelectPlantsScene</Filter>
    </ClInclude>
    <ClInclude Include="..\Classes\Scenes\GameScenes\Adventure\SelectPlantsScene\LZASPSRequriementLayer.h">
      <Filter>Class\Scenes\GameScenes\Adventure\SelectPlantsScene</Filter>
    </ClInclude>
    <ClInclude Include="..\Classes\Scenes\GameScenes\Adventure\SelectPlantsScene\LZASelectPlantsScene.h">
      <Filter>Class\Scenes\GameScenes\Adventure\SelectPlantsScene</Filter>
    </ClInclude>
    <ClInclude Include="..\Classes\Scenes\GameScenes\Adventure\SelectPlantsScene\LZASPSSpriteLayer.h">
      <Filter>Class\Scenes\GameScenes\Adventure\SelectPlantsScene</Filter>
    </ClInclude>
    <ClInclude Include="..\Classes\Scenes\GameScenes\Adventure\GameScene\LZAGSAnimationLayer.h">
      <Filter>Class\Scenes\GameScenes\Adventure\GameScene</Filter>
    </ClInclude>
    <ClInclude Include="..\Classes\Scenes\GameScenes\Adventure\SelectPlantsScene\LZASPSPlantSCardUnlockLayer.h">
      <Filter>Class\Scenes\GameScenes\Adventure\SelectPlantsScene</Filter>
    </ClInclude>
    <ClInclude Include="..\Classes\Scenes\SelectWorldScene\LZSelectWorldScene.h">
      <Filter>Class\Scenes\SelectWorldScene</Filter>
    </ClInclude>
    <ClInclude Include="..\Classes\Scenes\MainMenuScene\LZUnlockDialogLayer.h">
      <Filter>Class\Scenes\MainMenuScene</Filter>
    </ClInclude>
    <ClInclude Include="..\Classes\Scenes\SelectWorldScene\LZSWSUnlockDialogLayer.h">
      <Filter>Class\Scenes\SelectWorldScene</Filter>
    </ClInclude>
    <ClInclude Include="..\Classes\Scenes\GameScenes\TestingGround\SelectPlantsScene\LZTSelectPlantsScene.h">
      <Filter>Class\Scenes\GameScenes\TestingGround\SelectPlantsScene</Filter>
    </ClInclude>
    <ClInclude Include="..\Classes\Scenes\GameScenes\TestingGround\SelectPlantsScene\LZTSPSBackgroundLayer.h">
      <Filter>Class\Scenes\GameScenes\TestingGround\SelectPlantsScene</Filter>
    </ClInclude>
    <ClInclude Include="..\Classes\Scenes\GameScenes\TestingGround\SelectPlantsScene\LZTSPSControlLayer.h">
      <Filter>Class\Scenes\GameScenes\TestingGround\SelectPlantsScene</Filter>
    </ClInclude>
    <ClInclude Include="..\Classes\Scenes\GameScenes\TestingGround\SelectPlantsScene\LZTSPSQuitLayer.h">
      <Filter>Class\Scenes\GameScenes\TestingGround\SelectPlantsScene</Filter>
    </ClInclude>
    <ClInclude Include="..\Classes\Scenes\GameScenes\TestingGround\SelectPlantsScene\LZTSPSSpriteLayer.h">
      <Filter>Class\Scenes\GameScenes\TestingGround\SelectPlantsScene</Filter>
    </ClInclude>
    <ClInclude Include="..\Classes\Scenes\GameScenes\TestingGround\GameScene\LZTestingGroundScene.h">
      <Filter>Class\Scenes\GameScenes\TestingGround\GameScene</Filter>
    </ClInclude>
    <ClInclude Include="..\Classes\Scenes\GameScenes\TestingGround\GameScene\LZTGBackgoundLayer.h">
      <Filter>Class\Scenes\GameScenes\TestingGround\GameScene</Filter>
    </ClInclude>
    <ClInclude Include="..\Classes\Scenes\GameScenes\TestingGround\GameScene\LZTGControlLayer.h">
      <Filter>Class\Scenes\GameScenes\TestingGround\GameScene</Filter>
    </ClInclude>
    <ClInclude Include="..\Classes\Scenes\GameScenes\TestingGround\GameScene\LZTGAnimationLayer.h">
      <Filter>Class\Scenes\GameScenes\TestingGround\GameScene</Filter>
    </ClInclude>
    <ClInclude Include="..\Classes\Scenes\GameScenes\TestingGround\GameScene\LZTGInformationLayer.h">
      <Filter>Class\Scenes\GameScenes\TestingGround\GameScene</Filter>
    </ClInclude>
    <ClInclude Include="..\Classes\Scenes\GameScenes\TestingGround\GameScene\LZTGButtonLayer.h">
      <Filter>Class\Scenes\GameScenes\TestingGround\GameScene</Filter>
    </ClInclude>
    <ClInclude Include="..\Classes\Scenes\GameScenes\TestingGround\GameScene\LZTGPauseQuitLayer.h">
      <Filter>Class\Scenes\GameScenes\TestingGround\GameScene</Filter>
    </ClInclude>
    <ClInclude Include="..\Classes\Scenes\GameScenes\TestingGround\GameScene\LZTGGameOverLayer.h">
      <Filter>Class\Scenes\GameScenes\TestingGround\GameScene</Filter>
    </ClInclude>
    <ClInclude Include="..\Classes\Scenes\GameScenes\TestingGround\GameScene\LZTGGameTimerLayer.h">
      <Filter>Class\Scenes\GameScenes\TestingGround\GameScene</Filter>
    </ClInclude>
    <ClInclude Include="..\Classes\Scenes\GameScenes\TestingGround\SelectPlantsScene\LZTSPSRequirementLayer.h">
      <Filter>Class\Scenes\GameScenes\TestingGround\SelectPlantsScene</Filter>
    </ClInclude>
    <ClInclude Include="..\Classes\Based\LZGetMomentTime.h">
      <Filter>Class\Based</Filter>
    </ClInclude>
    <ClInclude Include="..\Classes\Zombies\LZBalloonZombies.h">
      <Filter>Class\Zombies</Filter>
    </ClInclude>
    <ClInclude Include="..\Classes\Zombies\LZNewspaperZombies.h">
      <Filter>Class\Zombies</Filter>
    </ClInclude>
    <ClInclude Include="..\Classes\Zombies\LZStrongNewspaperZombies.h">
      <Filter>Class\Zombies</Filter>
    </ClInclude>
    <ClInclude Include="..\Classes\Zombies\LZBrickZombies.h">
      <Filter>Class\Zombies</Filter>
    </ClInclude>
    <ClInclude Include="..\Classes\Zombies\LZBrickZombies2.h">
      <Filter>Class\Zombies</Filter>
    </ClInclude>
    <ClInclude Include="..\Classes\Zombies\LZBucketZombies2.h">
      <Filter>Class\Zombies</Filter>
    </ClInclude>
    <ClInclude Include="..\Classes\Zombies\LZBucketZombies3.h">
      <Filter>Class\Zombies</Filter>
    </ClInclude>
    <ClInclude Include="..\Classes\Zombies\LZBucketZombies5.h">
      <Filter>Class\Zombies</Filter>
    </ClInclude>
    <ClInclude Include="..\Classes\Zombies\LZBucketZombies6.h">
      <Filter>Class\Zombies</Filter>
    </ClInclude>
    <ClInclude Include="..\Classes\Zombies\LZBucketZombies4.h">
      <Filter>Class\Zombies</Filter>
    </ClInclude>
    <ClInclude Include="..\Classes\Zombies\LZConeZombies2.h">
      <Filter>Class\Zombies</Filter>
    </ClInclude>
    <ClInclude Include="..\Classes\Zombies\LZConeZombies3.h">
      <Filter>Class\Zombies</Filter>
    </ClInclude>
    <ClInclude Include="..\Classes\Zombies\LZConeZombies4.h">
      <Filter>Class\Zombies</Filter>
    </ClInclude>
    <ClInclude Include="..\Classes\Zombies\LZWoodZombies.h">
      <Filter>Class\Zombies</Filter>
    </ClInclude>
    <ClInclude Include="..\Classes\Zombies\LZWoodZombies2.h">
      <Filter>Class\Zombies</Filter>
    </ClInclude>
    <ClInclude Include="..\Classes\Zombies\LZWoodZombies3.h">
      <Filter>Class\Zombies</Filter>
    </ClInclude>
    <ClInclude Include="..\Classes\Zombies\LZBonesZombies2.h">
      <Filter>Class\Zombies</Filter>
    </ClInclude>
    <ClInclude Include="..\Classes\Zombies\LZDoorZombies.h">
      <Filter>Class\Zombies</Filter>
    </ClInclude>
    <ClInclude Include="..\Classes\Zombies\LZDoorZombies2.h">
      <Filter>Class\Zombies</Filter>
    </ClInclude>
    <ClInclude Include="..\Classes\Zombies\LZDoorZombies3.h">
      <Filter>Class\Zombies</Filter>
    </ClInclude>
    <ClInclude Include="..\Classes\Zombies\LZDoorZombies4.h">
      <Filter>Class\Zombies</Filter>
    </ClInclude>
    <ClInclude Include="..\Classes\Zombies\LZDoorZombies5.h">
      <Filter>Class\Zombies</Filter>
    </ClInclude>
    <ClInclude Include="..\Classes\Zombies\LZNewspaperBrickZombies.h">
      <Filter>Class\Zombies</Filter>
    </ClInclude>
    <ClInclude Include="..\Classes\Zombies\LZBucket4Door4Zombies.h">
      <Filter>Class\Zombies</Filter>
    </ClInclude>
    <ClInclude Include="..\Classes\Zombies\LZBonesZombies.h">
      <Filter>Class\Zombies</Filter>
    </ClInclude>
    <ClInclude Include="..\Classes\Zombies\LZBonesDoor5Zombies.h">
      <Filter>Class\Zombies</Filter>
    </ClInclude>
    <ClInclude Include="..\Classes\Zombies\LZBrick2Door3Zombies.h">
      <Filter>Class\Zombies</Filter>
    </ClInclude>
    <ClInclude Include="..\Classes\Zombies\LZBrickDoor5Zombies.h">
      <Filter>Class\Zombies</Filter>
    </ClInclude>
    <ClInclude Include="..\Classes\Based\LZLoadingAnimationLayer.h">
      <Filter>Class\Based</Filter>
    </ClInclude>
    <ClInclude Include="..\Classes\Plants\DefensePlants\LZPumpkin.h">
      <Filter>Class\Plants\DefensePlants</Filter>
    </ClInclude>
    <ClInclude Include="..\Classes\Plants\BattlePlants\LZBlover.h">
      <Filter>Class\Plants\BattlePlants</Filter>
    </ClInclude>
    <ClInclude Include="..\Classes\Plants\DefensePlants\LZMarigold.h">
      <Filter>Class\Plants\DefensePlants</Filter>
    </ClInclude>
    <ClInclude Include="..\Classes\Plants\DefensePlants\LZMagnetShroom.h">
      <Filter>Class\Plants\DefensePlants</Filter>
    </ClInclude>
    <ClInclude Include="..\Classes\Scenes\GameScenes\Adventure\WorldScene\LZDonateLayer.h">
      <Filter>Class\Scenes\GameScenes\Adventure\WorldScene</Filter>
    </ClInclude>
    <ClInclude Include="..\Classes\Scenes\GameScenes\IZombies\GameScene\LZIZombiesScene.h">
      <Filter>Class\Scenes\GameScenes\IZombies\GameScene</Filter>
    </ClInclude>
    <ClInclude Include="..\Classes\Scenes\GameScenes\IZombies\GameScene\LZIBackGroundLayer.h">
      <Filter>Class\Scenes\GameScenes\IZombies\GameScene</Filter>
    </ClInclude>
    <ClInclude Include="..\Classes\Scenes\GameScenes\IZombies\GameScene\LZIInformationLayer.h">
      <Filter>Class\Scenes\GameScenes\IZombies\GameScene</Filter>
    </ClInclude>
    <ClInclude Include="..\Classes\Scenes\GameScenes\IZombies\GameScene\LZIButtonLayer.h">
      <Filter>Class\Scenes\GameScenes\IZombies\GameScene</Filter>
    </ClInclude>
    <ClInclude Include="..\Classes\Scenes\GameScenes\IZombies\GameScene\LZIPauseQuiteLayer.h">
      <Filter>Class\Scenes\GameScenes\IZombies\GameScene</Filter>
    </ClInclude>
    <ClInclude Include="..\Classes\Scenes\GameScenes\IZombies\GameScene\LZIAnimationLayer.h">
      <Filter>Class\Scenes\GameScenes\IZombies\GameScene</Filter>
    </ClInclude>
    <ClInclude Include="..\Classes\Scenes\GameScenes\IZombies\GameScene\LZIControlLayer.h">
      <Filter>Class\Scenes\GameScenes\IZombies\GameScene</Filter>
    </ClInclude>
    <ClInclude Include="..\Classes\Scenes\GameScenes\IZombies\GameScene\LZIGameEndLayer.h">
      <Filter>Class\Scenes\GameScenes\IZombies\GameScene</Filter>
    </ClInclude>
    <ClInclude Include="..\Classes\Scenes\GameScenes\IZombies\GameScene\LZIOpenCaveGameLayer.h">
      <Filter>Class\Scenes\GameScenes\IZombies\GameScene</Filter>
    </ClInclude>
    <ClInclude Include="..\Classes\Scenes\GameScenes\IZombies\GameScene\LZIGameTimerLayer.h">
      <Filter>Class\Scenes\GameScenes\IZombies\GameScene</Filter>
    </ClInclude>
    <ClInclude Include="..\Classes\Scenes\GameScenes\IZombies\GameScene\LZIZombiesData.h">
      <Filter>Class\Scenes\GameScenes\IZombies\GameScene</Filter>
    </ClInclude>
    <ClInclude Include="..\Classes\Plants\EmissionPlants\LZScaredyShroom.h">
      <Filter>Class\Plants\EmissionPlants</Filter>
    </ClInclude>
    <ClInclude Include="..\Classes\Plants\EmissionPlants\LZFumeShroom.h">
      <Filter>Class\Plants\EmissionPlants</Filter>
    </ClInclude>
    <ClInclude Include="..\Classes\Plants\BattlePlants\LZSquash.h">
      <Filter>Class\Plants\BattlePlants</Filter>
    </ClInclude>
    <ClInclude Include="..\Classes\Plants\DefensePlants\LZImitater.h">
      <Filter>Class\Plants\DefensePlants</Filter>
    </ClInclude>
    <ClInclude Include="..\Classes\Plants\EmissionPlants\Bullet\LZFumeShroomBullet.h">
      <Filter>Class\Plants\EmissionPlants\Bullet</Filter>
    </ClInclude>
    <ClInclude Include="..\Classes\Plants\EmissionPlants\Bullet\LZScaredyShroomBullet.h">
      <Filter>Class\Plants\EmissionPlants\Bullet</Filter>
    </ClInclude>
    <ClInclude Include="..\Classes\Scenes\GameScenes\IZombies\GameScene\LZITemporaryReplaceScene.h">
      <Filter>Class\Scenes\GameScenes\IZombies\GameScene</Filter>
    </ClInclude>
    <ClInclude Include="..\Classes\Scenes\GameScenes\IZombies\GameScene\LZIRequirementLayer.h">
      <Filter>Class\Scenes\GameScenes\IZombies\GameScene</Filter>
    </ClInclude>
    <ClInclude Include="..\Classes\Scenes\GameScenes\HammerZombies\GameScene\LZHContinueOrExitLayer.h">
      <Filter>Class\Scenes\GameScenes\HammerZombies\GameScene</Filter>
    </ClInclude>
    <ClInclude Include="..\Classes\Scenes\MainMenuScene\LZDetailedListLayer.h">
      <Filter>Class\Scenes\MainMenuScene</Filter>
    </ClInclude>
    <ClInclude Include="..\Classes\Based\LZDefine.h">
      <Filter>Class\Based</Filter>
    </ClInclude>
  </ItemGroup>
  <ItemGroup>
    <None Include="ClassDiagram.cd" />
  </ItemGroup>
</Project>